
Microsoft Visual Studio Solution File, Format Version 12.00
# Visual Studio Version 16
VisualStudioVersion = 16.6.30114.105
MinimumVisualStudioVersion = 10.0.40219.1
Project("{E53339B2-1760-4266-BCC7-CA923CBCF16C}") = "docker-compose", "docker-compose.dcproj", "{7AE10EDA-1BEE-44D9-9EAA-D98D1EE7D664}"
EndProject
Project("{2150E333-8FDC-42A3-9474-1A3956D46DE8}") = "src", "src", "{A7C90492-22B8-44B0-9B07-1DF29162F6D2}"
EndProject
Project("{2150E333-8FDC-42A3-9474-1A3956D46DE8}") = "Services", "Services", "{D590F5EB-D0C6-4983-AF97-06BBBB84D6FC}"
EndProject
Project("{2150E333-8FDC-42A3-9474-1A3956D46DE8}") = "Dogovor", "Dogovor", "{EBF60033-4AE1-442E-A3B7-BF9FD56916EC}"
EndProject
Project("{2150E333-8FDC-42A3-9474-1A3956D46DE8}") = "ProjectPortfolio", "ProjectPortfolio", "{A4C93C69-8D56-44DD-8629-1268419093FA}"
EndProject
Project("{2150E333-8FDC-42A3-9474-1A3956D46DE8}") = "ReportingDwh", "ReportingDwh", "{1C0ED4EA-430E-4285-B38F-D240A455123B}"
EndProject
Project("{2150E333-8FDC-42A3-9474-1A3956D46DE8}") = "ApiGateways", "ApiGateways", "{8D97342B-5456-453B-A83E-7158E67619F7}"
EndProject
Project("{2150E333-8FDC-42A3-9474-1A3956D46DE8}") = "Web", "Web", "{C0E6565E-2BC8-4603-98AE-6B8747D95C0B}"
EndProject
Project("{9A19103F-16F7-4668-BE54-9A1E7A4F7556}") = "Dogovor.Infrastructure", "src\Services\Dogovor\Dogovor.Infrastructure\Dogovor.Infrastructure.csproj", "{C9EC13F3-6B73-4A94-9C0C-3F2D8E02DEB7}"
EndProject
Project("{9A19103F-16F7-4668-BE54-9A1E7A4F7556}") = "Dogovor.CrossCutting.Ioc", "src\Services\Dogovor\Dogovor.CrossCutting.Ioc\Dogovor.CrossCutting.Ioc.csproj", "{9A2B3A12-9C89-44A1-8E03-31C0E4C34F05}"
EndProject
Project("{9A19103F-16F7-4668-BE54-9A1E7A4F7556}") = "Dogovor.CrossCutting", "src\Services\Dogovor\Dogovor.CrossCutting\Dogovor.CrossCutting.csproj", "{A58A4882-1D42-4F74-A4E8-D22589B9C566}"
EndProject
Project("{9A19103F-16F7-4668-BE54-9A1E7A4F7556}") = "Dogovor.Domain", "src\Services\Dogovor\Dogovor.Domain\Dogovor.Domain.csproj", "{36937A83-D791-49AF-A25F-E19BF4011862}"
EndProject
Project("{9A19103F-16F7-4668-BE54-9A1E7A4F7556}") = "Dogovor.Domain.Service", "src\Services\Dogovor\Dogovor.Domain.Service\Dogovor.Domain.Service.csproj", "{C596FB03-7B00-452F-AAD3-7A65F7A9B195}"
EndProject
Project("{9A19103F-16F7-4668-BE54-9A1E7A4F7556}") = "Dogovor.Application", "src\Services\Dogovor\Dogovor.Application\Dogovor.Application.csproj", "{2D39BB78-A693-4025-94A9-3EFB1B838696}"
EndProject
Project("{9A19103F-16F7-4668-BE54-9A1E7A4F7556}") = "ProjectPortfolio.Api", "src\Services\ProjectPortfolio\ProjectPortfolio.Api\ProjectPortfolio.Api.csproj", "{BE7EF55F-4CFD-49E8-AE3F-B5ED0C955897}"
EndProject
Project("{9A19103F-16F7-4668-BE54-9A1E7A4F7556}") = "ProjectPortfolio.CrossCutting", "src\Services\ProjectPortfolio\ProjectPortfolio.CrossCutting\ProjectPortfolio.CrossCutting.csproj", "{53CD8035-246E-425A-8102-6D4858E6DC75}"
EndProject
Project("{9A19103F-16F7-4668-BE54-9A1E7A4F7556}") = "ProjectPortfolio.Infrastructure", "src\Services\ProjectPortfolio\ProjectPortfolio.Infrastructure\ProjectPortfolio.Infrastructure.csproj", "{32CDF127-B9AF-48ED-BD43-C6CECECE5D91}"
EndProject
Project("{9A19103F-16F7-4668-BE54-9A1E7A4F7556}") = "ProjectPortfolio.Domain", "src\Services\ProjectPortfolio\ProjectPortfolio.Domain\ProjectPortfolio.Domain.csproj", "{7AF2F6E1-858F-41EB-82CC-E7F53DA8E112}"
EndProject
Project("{9A19103F-16F7-4668-BE54-9A1E7A4F7556}") = "ProjectPortfolio.Application", "src\Services\ProjectPortfolio\ProjectPortfolio.Application\ProjectPortfolio.Application.csproj", "{71C03EFE-D780-4D8A-B7B1-FFE668F5B7F4}"
EndProject
Project("{9A19103F-16F7-4668-BE54-9A1E7A4F7556}") = "ProjectPortfolio.Domain.Service", "src\Services\ProjectPortfolio\ProjectPortfolio.Domain.Service\ProjectPortfolio.Domain.Service.csproj", "{7C55246B-5E5A-463D-ACF9-CE006E04BA6A}"
EndProject
Project("{9A19103F-16F7-4668-BE54-9A1E7A4F7556}") = "ProjectPortfolio.CrossCutting.Ioc", "src\Services\ProjectPortfolio\ProjectPortfolio.CrossCutting.Ioc\ProjectPortfolio.CrossCutting.Ioc.csproj", "{8CF20A67-1D73-41B2-BA72-E95703472428}"
EndProject
Project("{9A19103F-16F7-4668-BE54-9A1E7A4F7556}") = "Dogovor.Api", "src\Services\Dogovor\Dogovor.Api\Dogovor.Api.csproj", "{B4902BAB-E032-4FCE-81C7-53D047C8E633}"
EndProject
Project("{9A19103F-16F7-4668-BE54-9A1E7A4F7556}") = "ApiGateways.Gql", "src\ApiGateways\ApiGateways.Gql\ApiGateways.Gql.csproj", "{148D95C4-6D50-476B-B924-1BDD17F787BF}"
EndProject
Project("{9A19103F-16F7-4668-BE54-9A1E7A4F7556}") = "ReportingDwh.Api", "src\Services\ReportingDwh\ReportingDwh.Api\ReportingDwh.Api.csproj", "{897D6218-8894-4903-8979-AB92ACFF7740}"
EndProject
Project("{2150E333-8FDC-42A3-9474-1A3956D46DE8}") = "Permission", "Permission", "{F604D905-CAC7-4A1E-B445-1CE017289479}"
EndProject
Project("{FAE04EC0-301F-11D3-BF4B-00C04F79EFBC}") = "Permission.Api", "src\Services\Permission\Permission.Api\Permission.Api.csproj", "{1DF3E3BF-63E9-4230-A99D-98BB31C416E5}"
EndProject
Project("{FAE04EC0-301F-11D3-BF4B-00C04F79EFBC}") = "Permission.Application", "src\Services\Permission\Permission.Application\Permission.Application.csproj", "{3FCAC7C7-7E7C-4F8B-B9AB-8453003436FF}"
EndProject
Project("{FAE04EC0-301F-11D3-BF4B-00C04F79EFBC}") = "Permission.CrossCutting", "src\Services\Permission\Permission.CrossCutting\Permission.CrossCutting.csproj", "{9D2C04C8-38BF-441D-B6BA-EB02E0CD720F}"
EndProject
Project("{FAE04EC0-301F-11D3-BF4B-00C04F79EFBC}") = "Permission.CrossCutting.Ioc", "src\Services\Permission\Permission.CrossCutting.Ioc\Permission.CrossCutting.Ioc.csproj", "{92A38DFD-7C1D-48B8-B96C-5A18BFD5327F}"
EndProject
Project("{FAE04EC0-301F-11D3-BF4B-00C04F79EFBC}") = "Permission.Domain", "src\Services\Permission\Permission.Domain\Permission.Domain.csproj", "{C6EA42EA-A816-419B-AB26-4ED41CADFDF2}"
EndProject
Project("{FAE04EC0-301F-11D3-BF4B-00C04F79EFBC}") = "Permission.Domain.Service", "src\Services\Permission\Permission.Domain.Service\Permission.Domain.Service.csproj", "{FC34F3BF-0C1A-4FB1-8069-8D9E15679349}"
EndProject
Project("{FAE04EC0-301F-11D3-BF4B-00C04F79EFBC}") = "Permission.Infrastructure", "src\Services\Permission\Permission.Infrastructure\Permission.Infrastructure.csproj", "{3E07FC80-A2B9-4F7E-A7FF-0322DFFFE177}"
EndProject
Global
	GlobalSection(SolutionConfigurationPlatforms) = preSolution
		Debug|Any CPU = Debug|Any CPU
		Debug|x64 = Debug|x64
		Debug|x86 = Debug|x86
		Release|Any CPU = Release|Any CPU
		Release|x64 = Release|x64
		Release|x86 = Release|x86
	EndGlobalSection
	GlobalSection(ProjectConfigurationPlatforms) = postSolution
		{7AE10EDA-1BEE-44D9-9EAA-D98D1EE7D664}.Debug|Any CPU.ActiveCfg = Debug|Any CPU
		{7AE10EDA-1BEE-44D9-9EAA-D98D1EE7D664}.Debug|Any CPU.Build.0 = Debug|Any CPU
		{7AE10EDA-1BEE-44D9-9EAA-D98D1EE7D664}.Debug|x64.ActiveCfg = Debug|Any CPU
		{7AE10EDA-1BEE-44D9-9EAA-D98D1EE7D664}.Debug|x64.Build.0 = Debug|Any CPU
		{7AE10EDA-1BEE-44D9-9EAA-D98D1EE7D664}.Debug|x86.ActiveCfg = Debug|Any CPU
		{7AE10EDA-1BEE-44D9-9EAA-D98D1EE7D664}.Debug|x86.Build.0 = Debug|Any CPU
		{7AE10EDA-1BEE-44D9-9EAA-D98D1EE7D664}.Release|Any CPU.ActiveCfg = Release|Any CPU
		{7AE10EDA-1BEE-44D9-9EAA-D98D1EE7D664}.Release|Any CPU.Build.0 = Release|Any CPU
		{7AE10EDA-1BEE-44D9-9EAA-D98D1EE7D664}.Release|x64.ActiveCfg = Release|Any CPU
		{7AE10EDA-1BEE-44D9-9EAA-D98D1EE7D664}.Release|x64.Build.0 = Release|Any CPU
		{7AE10EDA-1BEE-44D9-9EAA-D98D1EE7D664}.Release|x86.ActiveCfg = Release|Any CPU
		{7AE10EDA-1BEE-44D9-9EAA-D98D1EE7D664}.Release|x86.Build.0 = Release|Any CPU
		{C9EC13F3-6B73-4A94-9C0C-3F2D8E02DEB7}.Debug|Any CPU.ActiveCfg = Debug|Any CPU
		{C9EC13F3-6B73-4A94-9C0C-3F2D8E02DEB7}.Debug|Any CPU.Build.0 = Debug|Any CPU
		{C9EC13F3-6B73-4A94-9C0C-3F2D8E02DEB7}.Debug|x64.ActiveCfg = Debug|Any CPU
		{C9EC13F3-6B73-4A94-9C0C-3F2D8E02DEB7}.Debug|x64.Build.0 = Debug|Any CPU
		{C9EC13F3-6B73-4A94-9C0C-3F2D8E02DEB7}.Debug|x86.ActiveCfg = Debug|Any CPU
		{C9EC13F3-6B73-4A94-9C0C-3F2D8E02DEB7}.Debug|x86.Build.0 = Debug|Any CPU
		{C9EC13F3-6B73-4A94-9C0C-3F2D8E02DEB7}.Release|Any CPU.ActiveCfg = Release|Any CPU
		{C9EC13F3-6B73-4A94-9C0C-3F2D8E02DEB7}.Release|Any CPU.Build.0 = Release|Any CPU
		{C9EC13F3-6B73-4A94-9C0C-3F2D8E02DEB7}.Release|x64.ActiveCfg = Release|Any CPU
		{C9EC13F3-6B73-4A94-9C0C-3F2D8E02DEB7}.Release|x64.Build.0 = Release|Any CPU
		{C9EC13F3-6B73-4A94-9C0C-3F2D8E02DEB7}.Release|x86.ActiveCfg = Release|Any CPU
		{C9EC13F3-6B73-4A94-9C0C-3F2D8E02DEB7}.Release|x86.Build.0 = Release|Any CPU
		{9A2B3A12-9C89-44A1-8E03-31C0E4C34F05}.Debug|Any CPU.ActiveCfg = Debug|Any CPU
		{9A2B3A12-9C89-44A1-8E03-31C0E4C34F05}.Debug|Any CPU.Build.0 = Debug|Any CPU
		{9A2B3A12-9C89-44A1-8E03-31C0E4C34F05}.Debug|x64.ActiveCfg = Debug|Any CPU
		{9A2B3A12-9C89-44A1-8E03-31C0E4C34F05}.Debug|x64.Build.0 = Debug|Any CPU
		{9A2B3A12-9C89-44A1-8E03-31C0E4C34F05}.Debug|x86.ActiveCfg = Debug|Any CPU
		{9A2B3A12-9C89-44A1-8E03-31C0E4C34F05}.Debug|x86.Build.0 = Debug|Any CPU
		{9A2B3A12-9C89-44A1-8E03-31C0E4C34F05}.Release|Any CPU.ActiveCfg = Release|Any CPU
		{9A2B3A12-9C89-44A1-8E03-31C0E4C34F05}.Release|Any CPU.Build.0 = Release|Any CPU
		{9A2B3A12-9C89-44A1-8E03-31C0E4C34F05}.Release|x64.ActiveCfg = Release|Any CPU
		{9A2B3A12-9C89-44A1-8E03-31C0E4C34F05}.Release|x64.Build.0 = Release|Any CPU
		{9A2B3A12-9C89-44A1-8E03-31C0E4C34F05}.Release|x86.ActiveCfg = Release|Any CPU
		{9A2B3A12-9C89-44A1-8E03-31C0E4C34F05}.Release|x86.Build.0 = Release|Any CPU
		{A58A4882-1D42-4F74-A4E8-D22589B9C566}.Debug|Any CPU.ActiveCfg = Debug|Any CPU
		{A58A4882-1D42-4F74-A4E8-D22589B9C566}.Debug|Any CPU.Build.0 = Debug|Any CPU
		{A58A4882-1D42-4F74-A4E8-D22589B9C566}.Debug|x64.ActiveCfg = Debug|Any CPU
		{A58A4882-1D42-4F74-A4E8-D22589B9C566}.Debug|x64.Build.0 = Debug|Any CPU
		{A58A4882-1D42-4F74-A4E8-D22589B9C566}.Debug|x86.ActiveCfg = Debug|Any CPU
		{A58A4882-1D42-4F74-A4E8-D22589B9C566}.Debug|x86.Build.0 = Debug|Any CPU
		{A58A4882-1D42-4F74-A4E8-D22589B9C566}.Release|Any CPU.ActiveCfg = Release|Any CPU
		{A58A4882-1D42-4F74-A4E8-D22589B9C566}.Release|Any CPU.Build.0 = Release|Any CPU
		{A58A4882-1D42-4F74-A4E8-D22589B9C566}.Release|x64.ActiveCfg = Release|Any CPU
		{A58A4882-1D42-4F74-A4E8-D22589B9C566}.Release|x64.Build.0 = Release|Any CPU
		{A58A4882-1D42-4F74-A4E8-D22589B9C566}.Release|x86.ActiveCfg = Release|Any CPU
		{A58A4882-1D42-4F74-A4E8-D22589B9C566}.Release|x86.Build.0 = Release|Any CPU
		{36937A83-D791-49AF-A25F-E19BF4011862}.Debug|Any CPU.ActiveCfg = Debug|Any CPU
		{36937A83-D791-49AF-A25F-E19BF4011862}.Debug|Any CPU.Build.0 = Debug|Any CPU
		{36937A83-D791-49AF-A25F-E19BF4011862}.Debug|x64.ActiveCfg = Debug|Any CPU
		{36937A83-D791-49AF-A25F-E19BF4011862}.Debug|x64.Build.0 = Debug|Any CPU
		{36937A83-D791-49AF-A25F-E19BF4011862}.Debug|x86.ActiveCfg = Debug|Any CPU
		{36937A83-D791-49AF-A25F-E19BF4011862}.Debug|x86.Build.0 = Debug|Any CPU
		{36937A83-D791-49AF-A25F-E19BF4011862}.Release|Any CPU.ActiveCfg = Release|Any CPU
		{36937A83-D791-49AF-A25F-E19BF4011862}.Release|Any CPU.Build.0 = Release|Any CPU
		{36937A83-D791-49AF-A25F-E19BF4011862}.Release|x64.ActiveCfg = Release|Any CPU
		{36937A83-D791-49AF-A25F-E19BF4011862}.Release|x64.Build.0 = Release|Any CPU
		{36937A83-D791-49AF-A25F-E19BF4011862}.Release|x86.ActiveCfg = Release|Any CPU
		{36937A83-D791-49AF-A25F-E19BF4011862}.Release|x86.Build.0 = Release|Any CPU
		{C596FB03-7B00-452F-AAD3-7A65F7A9B195}.Debug|Any CPU.ActiveCfg = Debug|Any CPU
		{C596FB03-7B00-452F-AAD3-7A65F7A9B195}.Debug|Any CPU.Build.0 = Debug|Any CPU
		{C596FB03-7B00-452F-AAD3-7A65F7A9B195}.Debug|x64.ActiveCfg = Debug|Any CPU
		{C596FB03-7B00-452F-AAD3-7A65F7A9B195}.Debug|x64.Build.0 = Debug|Any CPU
		{C596FB03-7B00-452F-AAD3-7A65F7A9B195}.Debug|x86.ActiveCfg = Debug|Any CPU
		{C596FB03-7B00-452F-AAD3-7A65F7A9B195}.Debug|x86.Build.0 = Debug|Any CPU
		{C596FB03-7B00-452F-AAD3-7A65F7A9B195}.Release|Any CPU.ActiveCfg = Release|Any CPU
		{C596FB03-7B00-452F-AAD3-7A65F7A9B195}.Release|Any CPU.Build.0 = Release|Any CPU
		{C596FB03-7B00-452F-AAD3-7A65F7A9B195}.Release|x64.ActiveCfg = Release|Any CPU
		{C596FB03-7B00-452F-AAD3-7A65F7A9B195}.Release|x64.Build.0 = Release|Any CPU
		{C596FB03-7B00-452F-AAD3-7A65F7A9B195}.Release|x86.ActiveCfg = Release|Any CPU
		{C596FB03-7B00-452F-AAD3-7A65F7A9B195}.Release|x86.Build.0 = Release|Any CPU
		{2D39BB78-A693-4025-94A9-3EFB1B838696}.Debug|Any CPU.ActiveCfg = Debug|Any CPU
		{2D39BB78-A693-4025-94A9-3EFB1B838696}.Debug|Any CPU.Build.0 = Debug|Any CPU
		{2D39BB78-A693-4025-94A9-3EFB1B838696}.Debug|x64.ActiveCfg = Debug|Any CPU
		{2D39BB78-A693-4025-94A9-3EFB1B838696}.Debug|x64.Build.0 = Debug|Any CPU
		{2D39BB78-A693-4025-94A9-3EFB1B838696}.Debug|x86.ActiveCfg = Debug|Any CPU
		{2D39BB78-A693-4025-94A9-3EFB1B838696}.Debug|x86.Build.0 = Debug|Any CPU
		{2D39BB78-A693-4025-94A9-3EFB1B838696}.Release|Any CPU.ActiveCfg = Release|Any CPU
		{2D39BB78-A693-4025-94A9-3EFB1B838696}.Release|Any CPU.Build.0 = Release|Any CPU
		{2D39BB78-A693-4025-94A9-3EFB1B838696}.Release|x64.ActiveCfg = Release|Any CPU
		{2D39BB78-A693-4025-94A9-3EFB1B838696}.Release|x64.Build.0 = Release|Any CPU
		{2D39BB78-A693-4025-94A9-3EFB1B838696}.Release|x86.ActiveCfg = Release|Any CPU
		{2D39BB78-A693-4025-94A9-3EFB1B838696}.Release|x86.Build.0 = Release|Any CPU
		{BE7EF55F-4CFD-49E8-AE3F-B5ED0C955897}.Debug|Any CPU.ActiveCfg = Debug|Any CPU
		{BE7EF55F-4CFD-49E8-AE3F-B5ED0C955897}.Debug|Any CPU.Build.0 = Debug|Any CPU
		{BE7EF55F-4CFD-49E8-AE3F-B5ED0C955897}.Debug|x64.ActiveCfg = Debug|Any CPU
		{BE7EF55F-4CFD-49E8-AE3F-B5ED0C955897}.Debug|x64.Build.0 = Debug|Any CPU
		{BE7EF55F-4CFD-49E8-AE3F-B5ED0C955897}.Debug|x86.ActiveCfg = Debug|Any CPU
		{BE7EF55F-4CFD-49E8-AE3F-B5ED0C955897}.Debug|x86.Build.0 = Debug|Any CPU
		{BE7EF55F-4CFD-49E8-AE3F-B5ED0C955897}.Release|Any CPU.ActiveCfg = Release|Any CPU
		{BE7EF55F-4CFD-49E8-AE3F-B5ED0C955897}.Release|Any CPU.Build.0 = Release|Any CPU
		{BE7EF55F-4CFD-49E8-AE3F-B5ED0C955897}.Release|x64.ActiveCfg = Release|Any CPU
		{BE7EF55F-4CFD-49E8-AE3F-B5ED0C955897}.Release|x64.Build.0 = Release|Any CPU
		{BE7EF55F-4CFD-49E8-AE3F-B5ED0C955897}.Release|x86.ActiveCfg = Release|Any CPU
		{BE7EF55F-4CFD-49E8-AE3F-B5ED0C955897}.Release|x86.Build.0 = Release|Any CPU
		{53CD8035-246E-425A-8102-6D4858E6DC75}.Debug|Any CPU.ActiveCfg = Debug|Any CPU
		{53CD8035-246E-425A-8102-6D4858E6DC75}.Debug|Any CPU.Build.0 = Debug|Any CPU
		{53CD8035-246E-425A-8102-6D4858E6DC75}.Debug|x64.ActiveCfg = Debug|Any CPU
		{53CD8035-246E-425A-8102-6D4858E6DC75}.Debug|x64.Build.0 = Debug|Any CPU
		{53CD8035-246E-425A-8102-6D4858E6DC75}.Debug|x86.ActiveCfg = Debug|Any CPU
		{53CD8035-246E-425A-8102-6D4858E6DC75}.Debug|x86.Build.0 = Debug|Any CPU
		{53CD8035-246E-425A-8102-6D4858E6DC75}.Release|Any CPU.ActiveCfg = Release|Any CPU
		{53CD8035-246E-425A-8102-6D4858E6DC75}.Release|Any CPU.Build.0 = Release|Any CPU
		{53CD8035-246E-425A-8102-6D4858E6DC75}.Release|x64.ActiveCfg = Release|Any CPU
		{53CD8035-246E-425A-8102-6D4858E6DC75}.Release|x64.Build.0 = Release|Any CPU
		{53CD8035-246E-425A-8102-6D4858E6DC75}.Release|x86.ActiveCfg = Release|Any CPU
		{53CD8035-246E-425A-8102-6D4858E6DC75}.Release|x86.Build.0 = Release|Any CPU
		{32CDF127-B9AF-48ED-BD43-C6CECECE5D91}.Debug|Any CPU.ActiveCfg = Debug|Any CPU
		{32CDF127-B9AF-48ED-BD43-C6CECECE5D91}.Debug|Any CPU.Build.0 = Debug|Any CPU
		{32CDF127-B9AF-48ED-BD43-C6CECECE5D91}.Debug|x64.ActiveCfg = Debug|Any CPU
		{32CDF127-B9AF-48ED-BD43-C6CECECE5D91}.Debug|x64.Build.0 = Debug|Any CPU
		{32CDF127-B9AF-48ED-BD43-C6CECECE5D91}.Debug|x86.ActiveCfg = Debug|Any CPU
		{32CDF127-B9AF-48ED-BD43-C6CECECE5D91}.Debug|x86.Build.0 = Debug|Any CPU
		{32CDF127-B9AF-48ED-BD43-C6CECECE5D91}.Release|Any CPU.ActiveCfg = Release|Any CPU
		{32CDF127-B9AF-48ED-BD43-C6CECECE5D91}.Release|Any CPU.Build.0 = Release|Any CPU
		{32CDF127-B9AF-48ED-BD43-C6CECECE5D91}.Release|x64.ActiveCfg = Release|Any CPU
		{32CDF127-B9AF-48ED-BD43-C6CECECE5D91}.Release|x64.Build.0 = Release|Any CPU
		{32CDF127-B9AF-48ED-BD43-C6CECECE5D91}.Release|x86.ActiveCfg = Release|Any CPU
		{32CDF127-B9AF-48ED-BD43-C6CECECE5D91}.Release|x86.Build.0 = Release|Any CPU
		{7AF2F6E1-858F-41EB-82CC-E7F53DA8E112}.Debug|Any CPU.ActiveCfg = Debug|Any CPU
		{7AF2F6E1-858F-41EB-82CC-E7F53DA8E112}.Debug|Any CPU.Build.0 = Debug|Any CPU
		{7AF2F6E1-858F-41EB-82CC-E7F53DA8E112}.Debug|x64.ActiveCfg = Debug|Any CPU
		{7AF2F6E1-858F-41EB-82CC-E7F53DA8E112}.Debug|x64.Build.0 = Debug|Any CPU
		{7AF2F6E1-858F-41EB-82CC-E7F53DA8E112}.Debug|x86.ActiveCfg = Debug|Any CPU
		{7AF2F6E1-858F-41EB-82CC-E7F53DA8E112}.Debug|x86.Build.0 = Debug|Any CPU
		{7AF2F6E1-858F-41EB-82CC-E7F53DA8E112}.Release|Any CPU.ActiveCfg = Release|Any CPU
		{7AF2F6E1-858F-41EB-82CC-E7F53DA8E112}.Release|Any CPU.Build.0 = Release|Any CPU
		{7AF2F6E1-858F-41EB-82CC-E7F53DA8E112}.Release|x64.ActiveCfg = Release|Any CPU
		{7AF2F6E1-858F-41EB-82CC-E7F53DA8E112}.Release|x64.Build.0 = Release|Any CPU
		{7AF2F6E1-858F-41EB-82CC-E7F53DA8E112}.Release|x86.ActiveCfg = Release|Any CPU
		{7AF2F6E1-858F-41EB-82CC-E7F53DA8E112}.Release|x86.Build.0 = Release|Any CPU
		{71C03EFE-D780-4D8A-B7B1-FFE668F5B7F4}.Debug|Any CPU.ActiveCfg = Debug|Any CPU
		{71C03EFE-D780-4D8A-B7B1-FFE668F5B7F4}.Debug|Any CPU.Build.0 = Debug|Any CPU
		{71C03EFE-D780-4D8A-B7B1-FFE668F5B7F4}.Debug|x64.ActiveCfg = Debug|Any CPU
		{71C03EFE-D780-4D8A-B7B1-FFE668F5B7F4}.Debug|x64.Build.0 = Debug|Any CPU
		{71C03EFE-D780-4D8A-B7B1-FFE668F5B7F4}.Debug|x86.ActiveCfg = Debug|Any CPU
		{71C03EFE-D780-4D8A-B7B1-FFE668F5B7F4}.Debug|x86.Build.0 = Debug|Any CPU
		{71C03EFE-D780-4D8A-B7B1-FFE668F5B7F4}.Release|Any CPU.ActiveCfg = Release|Any CPU
		{71C03EFE-D780-4D8A-B7B1-FFE668F5B7F4}.Release|Any CPU.Build.0 = Release|Any CPU
		{71C03EFE-D780-4D8A-B7B1-FFE668F5B7F4}.Release|x64.ActiveCfg = Release|Any CPU
		{71C03EFE-D780-4D8A-B7B1-FFE668F5B7F4}.Release|x64.Build.0 = Release|Any CPU
		{71C03EFE-D780-4D8A-B7B1-FFE668F5B7F4}.Release|x86.ActiveCfg = Release|Any CPU
		{71C03EFE-D780-4D8A-B7B1-FFE668F5B7F4}.Release|x86.Build.0 = Release|Any CPU
		{7C55246B-5E5A-463D-ACF9-CE006E04BA6A}.Debug|Any CPU.ActiveCfg = Debug|Any CPU
		{7C55246B-5E5A-463D-ACF9-CE006E04BA6A}.Debug|Any CPU.Build.0 = Debug|Any CPU
		{7C55246B-5E5A-463D-ACF9-CE006E04BA6A}.Debug|x64.ActiveCfg = Debug|Any CPU
		{7C55246B-5E5A-463D-ACF9-CE006E04BA6A}.Debug|x64.Build.0 = Debug|Any CPU
		{7C55246B-5E5A-463D-ACF9-CE006E04BA6A}.Debug|x86.ActiveCfg = Debug|Any CPU
		{7C55246B-5E5A-463D-ACF9-CE006E04BA6A}.Debug|x86.Build.0 = Debug|Any CPU
		{7C55246B-5E5A-463D-ACF9-CE006E04BA6A}.Release|Any CPU.ActiveCfg = Release|Any CPU
		{7C55246B-5E5A-463D-ACF9-CE006E04BA6A}.Release|Any CPU.Build.0 = Release|Any CPU
		{7C55246B-5E5A-463D-ACF9-CE006E04BA6A}.Release|x64.ActiveCfg = Release|Any CPU
		{7C55246B-5E5A-463D-ACF9-CE006E04BA6A}.Release|x64.Build.0 = Release|Any CPU
		{7C55246B-5E5A-463D-ACF9-CE006E04BA6A}.Release|x86.ActiveCfg = Release|Any CPU
		{7C55246B-5E5A-463D-ACF9-CE006E04BA6A}.Release|x86.Build.0 = Release|Any CPU
		{8CF20A67-1D73-41B2-BA72-E95703472428}.Debug|Any CPU.ActiveCfg = Debug|Any CPU
		{8CF20A67-1D73-41B2-BA72-E95703472428}.Debug|Any CPU.Build.0 = Debug|Any CPU
		{8CF20A67-1D73-41B2-BA72-E95703472428}.Debug|x64.ActiveCfg = Debug|Any CPU
		{8CF20A67-1D73-41B2-BA72-E95703472428}.Debug|x64.Build.0 = Debug|Any CPU
		{8CF20A67-1D73-41B2-BA72-E95703472428}.Debug|x86.ActiveCfg = Debug|Any CPU
		{8CF20A67-1D73-41B2-BA72-E95703472428}.Debug|x86.Build.0 = Debug|Any CPU
		{8CF20A67-1D73-41B2-BA72-E95703472428}.Release|Any CPU.ActiveCfg = Release|Any CPU
		{8CF20A67-1D73-41B2-BA72-E95703472428}.Release|Any CPU.Build.0 = Release|Any CPU
		{8CF20A67-1D73-41B2-BA72-E95703472428}.Release|x64.ActiveCfg = Release|Any CPU
		{8CF20A67-1D73-41B2-BA72-E95703472428}.Release|x64.Build.0 = Release|Any CPU
		{8CF20A67-1D73-41B2-BA72-E95703472428}.Release|x86.ActiveCfg = Release|Any CPU
		{8CF20A67-1D73-41B2-BA72-E95703472428}.Release|x86.Build.0 = Release|Any CPU
		{B4902BAB-E032-4FCE-81C7-53D047C8E633}.Debug|Any CPU.ActiveCfg = Debug|Any CPU
		{B4902BAB-E032-4FCE-81C7-53D047C8E633}.Debug|Any CPU.Build.0 = Debug|Any CPU
		{B4902BAB-E032-4FCE-81C7-53D047C8E633}.Debug|x64.ActiveCfg = Debug|Any CPU
		{B4902BAB-E032-4FCE-81C7-53D047C8E633}.Debug|x64.Build.0 = Debug|Any CPU
		{B4902BAB-E032-4FCE-81C7-53D047C8E633}.Debug|x86.ActiveCfg = Debug|Any CPU
		{B4902BAB-E032-4FCE-81C7-53D047C8E633}.Debug|x86.Build.0 = Debug|Any CPU
		{B4902BAB-E032-4FCE-81C7-53D047C8E633}.Release|Any CPU.ActiveCfg = Release|Any CPU
		{B4902BAB-E032-4FCE-81C7-53D047C8E633}.Release|Any CPU.Build.0 = Release|Any CPU
		{B4902BAB-E032-4FCE-81C7-53D047C8E633}.Release|x64.ActiveCfg = Release|Any CPU
		{B4902BAB-E032-4FCE-81C7-53D047C8E633}.Release|x64.Build.0 = Release|Any CPU
		{B4902BAB-E032-4FCE-81C7-53D047C8E633}.Release|x86.ActiveCfg = Release|Any CPU
		{B4902BAB-E032-4FCE-81C7-53D047C8E633}.Release|x86.Build.0 = Release|Any CPU
		{148D95C4-6D50-476B-B924-1BDD17F787BF}.Debug|Any CPU.ActiveCfg = Debug|Any CPU
		{148D95C4-6D50-476B-B924-1BDD17F787BF}.Debug|Any CPU.Build.0 = Debug|Any CPU
		{148D95C4-6D50-476B-B924-1BDD17F787BF}.Debug|x64.ActiveCfg = Debug|Any CPU
		{148D95C4-6D50-476B-B924-1BDD17F787BF}.Debug|x64.Build.0 = Debug|Any CPU
		{148D95C4-6D50-476B-B924-1BDD17F787BF}.Debug|x86.ActiveCfg = Debug|Any CPU
		{148D95C4-6D50-476B-B924-1BDD17F787BF}.Debug|x86.Build.0 = Debug|Any CPU
		{148D95C4-6D50-476B-B924-1BDD17F787BF}.Release|Any CPU.ActiveCfg = Release|Any CPU
		{148D95C4-6D50-476B-B924-1BDD17F787BF}.Release|Any CPU.Build.0 = Release|Any CPU
		{148D95C4-6D50-476B-B924-1BDD17F787BF}.Release|x64.ActiveCfg = Release|Any CPU
		{148D95C4-6D50-476B-B924-1BDD17F787BF}.Release|x64.Build.0 = Release|Any CPU
		{148D95C4-6D50-476B-B924-1BDD17F787BF}.Release|x86.ActiveCfg = Release|Any CPU
		{148D95C4-6D50-476B-B924-1BDD17F787BF}.Release|x86.Build.0 = Release|Any CPU
		{897D6218-8894-4903-8979-AB92ACFF7740}.Debug|Any CPU.ActiveCfg = Debug|Any CPU
		{897D6218-8894-4903-8979-AB92ACFF7740}.Debug|Any CPU.Build.0 = Debug|Any CPU
		{897D6218-8894-4903-8979-AB92ACFF7740}.Debug|x64.ActiveCfg = Debug|Any CPU
		{897D6218-8894-4903-8979-AB92ACFF7740}.Debug|x64.Build.0 = Debug|Any CPU
		{897D6218-8894-4903-8979-AB92ACFF7740}.Debug|x86.ActiveCfg = Debug|Any CPU
		{897D6218-8894-4903-8979-AB92ACFF7740}.Debug|x86.Build.0 = Debug|Any CPU
		{897D6218-8894-4903-8979-AB92ACFF7740}.Release|Any CPU.ActiveCfg = Release|Any CPU
		{897D6218-8894-4903-8979-AB92ACFF7740}.Release|Any CPU.Build.0 = Release|Any CPU
		{897D6218-8894-4903-8979-AB92ACFF7740}.Release|x64.ActiveCfg = Release|Any CPU
		{897D6218-8894-4903-8979-AB92ACFF7740}.Release|x64.Build.0 = Release|Any CPU
		{897D6218-8894-4903-8979-AB92ACFF7740}.Release|x86.ActiveCfg = Release|Any CPU
		{897D6218-8894-4903-8979-AB92ACFF7740}.Release|x86.Build.0 = Release|Any CPU
		{1DF3E3BF-63E9-4230-A99D-98BB31C416E5}.Debug|Any CPU.ActiveCfg = Debug|Any CPU
		{1DF3E3BF-63E9-4230-A99D-98BB31C416E5}.Debug|Any CPU.Build.0 = Debug|Any CPU
		{1DF3E3BF-63E9-4230-A99D-98BB31C416E5}.Debug|x64.ActiveCfg = Debug|Any CPU
		{1DF3E3BF-63E9-4230-A99D-98BB31C416E5}.Debug|x64.Build.0 = Debug|Any CPU
		{1DF3E3BF-63E9-4230-A99D-98BB31C416E5}.Debug|x86.ActiveCfg = Debug|Any CPU
		{1DF3E3BF-63E9-4230-A99D-98BB31C416E5}.Debug|x86.Build.0 = Debug|Any CPU
		{1DF3E3BF-63E9-4230-A99D-98BB31C416E5}.Release|Any CPU.ActiveCfg = Release|Any CPU
		{1DF3E3BF-63E9-4230-A99D-98BB31C416E5}.Release|Any CPU.Build.0 = Release|Any CPU
		{1DF3E3BF-63E9-4230-A99D-98BB31C416E5}.Release|x64.ActiveCfg = Release|Any CPU
		{1DF3E3BF-63E9-4230-A99D-98BB31C416E5}.Release|x64.Build.0 = Release|Any CPU
		{1DF3E3BF-63E9-4230-A99D-98BB31C416E5}.Release|x86.ActiveCfg = Release|Any CPU
		{1DF3E3BF-63E9-4230-A99D-98BB31C416E5}.Release|x86.Build.0 = Release|Any CPU
		{3FCAC7C7-7E7C-4F8B-B9AB-8453003436FF}.Debug|Any CPU.ActiveCfg = Debug|Any CPU
		{3FCAC7C7-7E7C-4F8B-B9AB-8453003436FF}.Debug|Any CPU.Build.0 = Debug|Any CPU
		{3FCAC7C7-7E7C-4F8B-B9AB-8453003436FF}.Debug|x64.ActiveCfg = Debug|Any CPU
		{3FCAC7C7-7E7C-4F8B-B9AB-8453003436FF}.Debug|x64.Build.0 = Debug|Any CPU
		{3FCAC7C7-7E7C-4F8B-B9AB-8453003436FF}.Debug|x86.ActiveCfg = Debug|Any CPU
		{3FCAC7C7-7E7C-4F8B-B9AB-8453003436FF}.Debug|x86.Build.0 = Debug|Any CPU
		{3FCAC7C7-7E7C-4F8B-B9AB-8453003436FF}.Release|Any CPU.ActiveCfg = Release|Any CPU
		{3FCAC7C7-7E7C-4F8B-B9AB-8453003436FF}.Release|Any CPU.Build.0 = Release|Any CPU
		{3FCAC7C7-7E7C-4F8B-B9AB-8453003436FF}.Release|x64.ActiveCfg = Release|Any CPU
		{3FCAC7C7-7E7C-4F8B-B9AB-8453003436FF}.Release|x64.Build.0 = Release|Any CPU
		{3FCAC7C7-7E7C-4F8B-B9AB-8453003436FF}.Release|x86.ActiveCfg = Release|Any CPU
		{3FCAC7C7-7E7C-4F8B-B9AB-8453003436FF}.Release|x86.Build.0 = Release|Any CPU
		{9D2C04C8-38BF-441D-B6BA-EB02E0CD720F}.Debug|Any CPU.ActiveCfg = Debug|Any CPU
		{9D2C04C8-38BF-441D-B6BA-EB02E0CD720F}.Debug|Any CPU.Build.0 = Debug|Any CPU
		{9D2C04C8-38BF-441D-B6BA-EB02E0CD720F}.Debug|x64.ActiveCfg = Debug|Any CPU
		{9D2C04C8-38BF-441D-B6BA-EB02E0CD720F}.Debug|x64.Build.0 = Debug|Any CPU
		{9D2C04C8-38BF-441D-B6BA-EB02E0CD720F}.Debug|x86.ActiveCfg = Debug|Any CPU
		{9D2C04C8-38BF-441D-B6BA-EB02E0CD720F}.Debug|x86.Build.0 = Debug|Any CPU
		{9D2C04C8-38BF-441D-B6BA-EB02E0CD720F}.Release|Any CPU.ActiveCfg = Release|Any CPU
		{9D2C04C8-38BF-441D-B6BA-EB02E0CD720F}.Release|Any CPU.Build.0 = Release|Any CPU
		{9D2C04C8-38BF-441D-B6BA-EB02E0CD720F}.Release|x64.ActiveCfg = Release|Any CPU
		{9D2C04C8-38BF-441D-B6BA-EB02E0CD720F}.Release|x64.Build.0 = Release|Any CPU
		{9D2C04C8-38BF-441D-B6BA-EB02E0CD720F}.Release|x86.ActiveCfg = Release|Any CPU
		{9D2C04C8-38BF-441D-B6BA-EB02E0CD720F}.Release|x86.Build.0 = Release|Any CPU
		{92A38DFD-7C1D-48B8-B96C-5A18BFD5327F}.Debug|Any CPU.ActiveCfg = Debug|Any CPU
		{92A38DFD-7C1D-48B8-B96C-5A18BFD5327F}.Debug|Any CPU.Build.0 = Debug|Any CPU
		{92A38DFD-7C1D-48B8-B96C-5A18BFD5327F}.Debug|x64.ActiveCfg = Debug|Any CPU
		{92A38DFD-7C1D-48B8-B96C-5A18BFD5327F}.Debug|x64.Build.0 = Debug|Any CPU
		{92A38DFD-7C1D-48B8-B96C-5A18BFD5327F}.Debug|x86.ActiveCfg = Debug|Any CPU
		{92A38DFD-7C1D-48B8-B96C-5A18BFD5327F}.Debug|x86.Build.0 = Debug|Any CPU
		{92A38DFD-7C1D-48B8-B96C-5A18BFD5327F}.Release|Any CPU.ActiveCfg = Release|Any CPU
		{92A38DFD-7C1D-48B8-B96C-5A18BFD5327F}.Release|Any CPU.Build.0 = Release|Any CPU
		{92A38DFD-7C1D-48B8-B96C-5A18BFD5327F}.Release|x64.ActiveCfg = Release|Any CPU
		{92A38DFD-7C1D-48B8-B96C-5A18BFD5327F}.Release|x64.Build.0 = Release|Any CPU
		{92A38DFD-7C1D-48B8-B96C-5A18BFD5327F}.Release|x86.ActiveCfg = Release|Any CPU
		{92A38DFD-7C1D-48B8-B96C-5A18BFD5327F}.Release|x86.Build.0 = Release|Any CPU
		{C6EA42EA-A816-419B-AB26-4ED41CADFDF2}.Debug|Any CPU.ActiveCfg = Debug|Any CPU
		{C6EA42EA-A816-419B-AB26-4ED41CADFDF2}.Debug|Any CPU.Build.0 = Debug|Any CPU
		{C6EA42EA-A816-419B-AB26-4ED41CADFDF2}.Debug|x64.ActiveCfg = Debug|Any CPU
		{C6EA42EA-A816-419B-AB26-4ED41CADFDF2}.Debug|x64.Build.0 = Debug|Any CPU
		{C6EA42EA-A816-419B-AB26-4ED41CADFDF2}.Debug|x86.ActiveCfg = Debug|Any CPU
		{C6EA42EA-A816-419B-AB26-4ED41CADFDF2}.Debug|x86.Build.0 = Debug|Any CPU
		{C6EA42EA-A816-419B-AB26-4ED41CADFDF2}.Release|Any CPU.ActiveCfg = Release|Any CPU
		{C6EA42EA-A816-419B-AB26-4ED41CADFDF2}.Release|Any CPU.Build.0 = Release|Any CPU
		{C6EA42EA-A816-419B-AB26-4ED41CADFDF2}.Release|x64.ActiveCfg = Release|Any CPU
		{C6EA42EA-A816-419B-AB26-4ED41CADFDF2}.Release|x64.Build.0 = Release|Any CPU
		{C6EA42EA-A816-419B-AB26-4ED41CADFDF2}.Release|x86.ActiveCfg = Release|Any CPU
		{C6EA42EA-A816-419B-AB26-4ED41CADFDF2}.Release|x86.Build.0 = Release|Any CPU
		{FC34F3BF-0C1A-4FB1-8069-8D9E15679349}.Debug|Any CPU.ActiveCfg = Debug|Any CPU
		{FC34F3BF-0C1A-4FB1-8069-8D9E15679349}.Debug|Any CPU.Build.0 = Debug|Any CPU
		{FC34F3BF-0C1A-4FB1-8069-8D9E15679349}.Debug|x64.ActiveCfg = Debug|Any CPU
		{FC34F3BF-0C1A-4FB1-8069-8D9E15679349}.Debug|x64.Build.0 = Debug|Any CPU
		{FC34F3BF-0C1A-4FB1-8069-8D9E15679349}.Debug|x86.ActiveCfg = Debug|Any CPU
		{FC34F3BF-0C1A-4FB1-8069-8D9E15679349}.Debug|x86.Build.0 = Debug|Any CPU
		{FC34F3BF-0C1A-4FB1-8069-8D9E15679349}.Release|Any CPU.ActiveCfg = Release|Any CPU
		{FC34F3BF-0C1A-4FB1-8069-8D9E15679349}.Release|Any CPU.Build.0 = Release|Any CPU
		{FC34F3BF-0C1A-4FB1-8069-8D9E15679349}.Release|x64.ActiveCfg = Release|Any CPU
		{FC34F3BF-0C1A-4FB1-8069-8D9E15679349}.Release|x64.Build.0 = Release|Any CPU
		{FC34F3BF-0C1A-4FB1-8069-8D9E15679349}.Release|x86.ActiveCfg = Release|Any CPU
		{FC34F3BF-0C1A-4FB1-8069-8D9E15679349}.Release|x86.Build.0 = Release|Any CPU
		{3E07FC80-A2B9-4F7E-A7FF-0322DFFFE177}.Debug|Any CPU.ActiveCfg = Debug|Any CPU
		{3E07FC80-A2B9-4F7E-A7FF-0322DFFFE177}.Debug|Any CPU.Build.0 = Debug|Any CPU
		{3E07FC80-A2B9-4F7E-A7FF-0322DFFFE177}.Debug|x64.ActiveCfg = Debug|Any CPU
		{3E07FC80-A2B9-4F7E-A7FF-0322DFFFE177}.Debug|x64.Build.0 = Debug|Any CPU
		{3E07FC80-A2B9-4F7E-A7FF-0322DFFFE177}.Debug|x86.ActiveCfg = Debug|Any CPU
		{3E07FC80-A2B9-4F7E-A7FF-0322DFFFE177}.Debug|x86.Build.0 = Debug|Any CPU
		{3E07FC80-A2B9-4F7E-A7FF-0322DFFFE177}.Release|Any CPU.ActiveCfg = Release|Any CPU
		{3E07FC80-A2B9-4F7E-A7FF-0322DFFFE177}.Release|Any CPU.Build.0 = Release|Any CPU
		{3E07FC80-A2B9-4F7E-A7FF-0322DFFFE177}.Release|x64.ActiveCfg = Release|Any CPU
		{3E07FC80-A2B9-4F7E-A7FF-0322DFFFE177}.Release|x64.Build.0 = Release|Any CPU
		{3E07FC80-A2B9-4F7E-A7FF-0322DFFFE177}.Release|x86.ActiveCfg = Release|Any CPU
		{3E07FC80-A2B9-4F7E-A7FF-0322DFFFE177}.Release|x86.Build.0 = Release|Any CPU
	EndGlobalSection
	GlobalSection(SolutionProperties) = preSolution
		HideSolutionNode = FALSE
	EndGlobalSection
	GlobalSection(NestedProjects) = preSolution
		{D590F5EB-D0C6-4983-AF97-06BBBB84D6FC} = {A7C90492-22B8-44B0-9B07-1DF29162F6D2}
		{EBF60033-4AE1-442E-A3B7-BF9FD56916EC} = {D590F5EB-D0C6-4983-AF97-06BBBB84D6FC}
		{A4C93C69-8D56-44DD-8629-1268419093FA} = {D590F5EB-D0C6-4983-AF97-06BBBB84D6FC}
		{1C0ED4EA-430E-4285-B38F-D240A455123B} = {D590F5EB-D0C6-4983-AF97-06BBBB84D6FC}
		{8D97342B-5456-453B-A83E-7158E67619F7} = {A7C90492-22B8-44B0-9B07-1DF29162F6D2}
		{C0E6565E-2BC8-4603-98AE-6B8747D95C0B} = {A7C90492-22B8-44B0-9B07-1DF29162F6D2}
		{C9EC13F3-6B73-4A94-9C0C-3F2D8E02DEB7} = {EBF60033-4AE1-442E-A3B7-BF9FD56916EC}
		{9A2B3A12-9C89-44A1-8E03-31C0E4C34F05} = {EBF60033-4AE1-442E-A3B7-BF9FD56916EC}
		{A58A4882-1D42-4F74-A4E8-D22589B9C566} = {EBF60033-4AE1-442E-A3B7-BF9FD56916EC}
		{36937A83-D791-49AF-A25F-E19BF4011862} = {EBF60033-4AE1-442E-A3B7-BF9FD56916EC}
		{C596FB03-7B00-452F-AAD3-7A65F7A9B195} = {EBF60033-4AE1-442E-A3B7-BF9FD56916EC}
		{2D39BB78-A693-4025-94A9-3EFB1B838696} = {EBF60033-4AE1-442E-A3B7-BF9FD56916EC}
		{BE7EF55F-4CFD-49E8-AE3F-B5ED0C955897} = {A4C93C69-8D56-44DD-8629-1268419093FA}
		{53CD8035-246E-425A-8102-6D4858E6DC75} = {A4C93C69-8D56-44DD-8629-1268419093FA}
		{32CDF127-B9AF-48ED-BD43-C6CECECE5D91} = {A4C93C69-8D56-44DD-8629-1268419093FA}
		{7AF2F6E1-858F-41EB-82CC-E7F53DA8E112} = {A4C93C69-8D56-44DD-8629-1268419093FA}
		{71C03EFE-D780-4D8A-B7B1-FFE668F5B7F4} = {A4C93C69-8D56-44DD-8629-1268419093FA}
		{7C55246B-5E5A-463D-ACF9-CE006E04BA6A} = {A4C93C69-8D56-44DD-8629-1268419093FA}
		{8CF20A67-1D73-41B2-BA72-E95703472428} = {A4C93C69-8D56-44DD-8629-1268419093FA}
		{B4902BAB-E032-4FCE-81C7-53D047C8E633} = {EBF60033-4AE1-442E-A3B7-BF9FD56916EC}
		{148D95C4-6D50-476B-B924-1BDD17F787BF} = {8D97342B-5456-453B-A83E-7158E67619F7}
		{897D6218-8894-4903-8979-AB92ACFF7740} = {1C0ED4EA-430E-4285-B38F-D240A455123B}
		{F604D905-CAC7-4A1E-B445-1CE017289479} = {D590F5EB-D0C6-4983-AF97-06BBBB84D6FC}
		{1DF3E3BF-63E9-4230-A99D-98BB31C416E5} = {F604D905-CAC7-4A1E-B445-1CE017289479}
		{3FCAC7C7-7E7C-4F8B-B9AB-8453003436FF} = {F604D905-CAC7-4A1E-B445-1CE017289479}
		{9D2C04C8-38BF-441D-B6BA-EB02E0CD720F} = {F604D905-CAC7-4A1E-B445-1CE017289479}
		{92A38DFD-7C1D-48B8-B96C-5A18BFD5327F} = {F604D905-CAC7-4A1E-B445-1CE017289479}
		{C6EA42EA-A816-419B-AB26-4ED41CADFDF2} = {F604D905-CAC7-4A1E-B445-1CE017289479}
		{FC34F3BF-0C1A-4FB1-8069-8D9E15679349} = {F604D905-CAC7-4A1E-B445-1CE017289479}
		{3E07FC80-A2B9-4F7E-A7FF-0322DFFFE177} = {F604D905-CAC7-4A1E-B445-1CE017289479}
	EndGlobalSection
	GlobalSection(ExtensibilityGlobals) = postSolution
		SolutionGuid = {EB5A7879-385B-4A7E-860D-0B980AED0E98}
	EndGlobalSection
EndGlobal
