
Microsoft Visual Studio Solution File, Format Version 12.00
# Visual Studio Version 16
VisualStudioVersion = 16.6.30114.105
MinimumVisualStudioVersion = 10.0.40219.1
Project("{9A19103F-16F7-4668-BE54-9A1E7A4F7556}") = "ProjectGql", "ProjectGql\ProjectGql.csproj", "{3B8D9F5D-4D4A-42E3-BB4E-8E2B4D21D3F7}"
EndProject
Project("{E53339B2-1760-4266-BCC7-CA923CBCF16C}") = "docker-compose", "docker-compose.dcproj", "{7AE10EDA-1BEE-44D9-9EAA-D98D1EE7D664}"
EndProject
Project("{9A19103F-16F7-4668-BE54-9A1E7A4F7556}") = "DogovorGql", "DogovorGql\DogovorGql.csproj", "{561BFEDF-F8A8-427B-B424-D304971274FA}"
EndProject
Project("{9A19103F-16F7-4668-BE54-9A1E7A4F7556}") = "GatewayGql", "GatewayGql\GatewayGql.csproj", "{133BB6FA-D2C0-4EE7-B558-AA713582E193}"
EndProject
Project("{2150E333-8FDC-42A3-9474-1A3956D46DE8}") = "Project", "Project", "{9CB6032F-CA41-42F9-A286-48EFF8FC01EB}"
EndProject
Project("{2150E333-8FDC-42A3-9474-1A3956D46DE8}") = "Gateway", "Gateway", "{8371B34E-423C-4669-AE53-9A30687F0410}"
EndProject
Project("{2150E333-8FDC-42A3-9474-1A3956D46DE8}") = "EventBus", "EventBus", "{87E0BF44-B885-4058-B79F-D712118D22D7}"
EndProject
Project("{9A19103F-16F7-4668-BE54-9A1E7A4F7556}") = "EventBus", "EventBus\EventBus.csproj", "{570EEC58-C648-4739-89E1-2F5B7A22EDD1}"
EndProject
Project("{9A19103F-16F7-4668-BE54-9A1E7A4F7556}") = "Contracts", "Contracts\Contracts.csproj", "{221A062E-CC59-4840-B156-9BF200462CAD}"
EndProject
Project("{2150E333-8FDC-42A3-9474-1A3956D46DE8}") = "src", "src", "{A7C90492-22B8-44B0-9B07-1DF29162F6D2}"
EndProject
Project("{2150E333-8FDC-42A3-9474-1A3956D46DE8}") = "Services", "Services", "{D590F5EB-D0C6-4983-AF97-06BBBB84D6FC}"
EndProject
Project("{2150E333-8FDC-42A3-9474-1A3956D46DE8}") = "Dogovor", "Dogovor", "{EBF60033-4AE1-442E-A3B7-BF9FD56916EC}"
EndProject
Project("{9A19103F-16F7-4668-BE54-9A1E7A4F7556}") = "DogovorApi", "src\Services\Dogovor\DogovorApi\DogovorApi.csproj", "{5AFE2767-EC47-43C2-B235-7332665D7DE5}"
EndProject
Project("{2150E333-8FDC-42A3-9474-1A3956D46DE8}") = "ProjectPortfolio", "ProjectPortfolio", "{A4C93C69-8D56-44DD-8629-1268419093FA}"
EndProject
Project("{9A19103F-16F7-4668-BE54-9A1E7A4F7556}") = "ProjectPortfolioApi", "src\Services\ProjectPortfolio\ProjectPortfolioApi\ProjectPortfolioApi.csproj", "{DC760A7D-BDD8-4DB5-97ED-2A6B9108A451}"
EndProject
Project("{2150E333-8FDC-42A3-9474-1A3956D46DE8}") = "ReportingDwh", "ReportingDwh", "{1C0ED4EA-430E-4285-B38F-D240A455123B}"
EndProject
Project("{9A19103F-16F7-4668-BE54-9A1E7A4F7556}") = "ReportingDwhApi", "src\Services\ReportingDwh\ReportingDwhApi\ReportingDwhApi.csproj", "{32A4B81A-096E-4DD2-BF31-4EDFD3C4A86A}"
EndProject
Project("{2150E333-8FDC-42A3-9474-1A3956D46DE8}") = "ApiGateways", "ApiGateways", "{8D97342B-5456-453B-A83E-7158E67619F7}"
EndProject
Project("{9A19103F-16F7-4668-BE54-9A1E7A4F7556}") = "ApiGatewaysGql", "src\ApiGateways\ApiGatewaysGql\ApiGatewaysGql.csproj", "{17DA4D3A-8AD3-4924-BA28-8B0D6477C04A}"
EndProject
Project("{2150E333-8FDC-42A3-9474-1A3956D46DE8}") = "Web", "Web", "{C0E6565E-2BC8-4603-98AE-6B8747D95C0B}"
EndProject
Project("{9A19103F-16F7-4668-BE54-9A1E7A4F7556}") = "Dogovor.Infrastructure", "src\Services\Dogovor\Dogovor.Infrastructure\Dogovor.Infrastructure.csproj", "{C9EC13F3-6B73-4A94-9C0C-3F2D8E02DEB7}"
EndProject
Project("{9A19103F-16F7-4668-BE54-9A1E7A4F7556}") = "Dogovor.CrossCutting.Ioc", "src\Services\Dogovor\Dogovor.CrossCutting.Ioc\Dogovor.CrossCutting.Ioc.csproj", "{9A2B3A12-9C89-44A1-8E03-31C0E4C34F05}"
EndProject
Project("{9A19103F-16F7-4668-BE54-9A1E7A4F7556}") = "Dogovor.CrossCutting", "src\Services\Dogovor\Dogovor.CrossCutting\Dogovor.CrossCutting.csproj", "{A58A4882-1D42-4F74-A4E8-D22589B9C566}"
EndProject
Project("{FAE04EC0-301F-11D3-BF4B-00C04F79EFBC}") = "Dogovor.Domain", "src\Services\Dogovor\Dogovor.Domain\Dogovor.Domain.csproj", "{36937A83-D791-49AF-A25F-E19BF4011862}"
EndProject
Project("{FAE04EC0-301F-11D3-BF4B-00C04F79EFBC}") = "Dogovor.Domain.Service", "src\Services\Dogovor\Dogovor.Domain.Service\Dogovor.Domain.Service.csproj", "{C596FB03-7B00-452F-AAD3-7A65F7A9B195}"
EndProject
Project("{FAE04EC0-301F-11D3-BF4B-00C04F79EFBC}") = "Dogovor.Application", "src\Services\Dogovor\Dogovor.Application\Dogovor.Application.csproj", "{2D39BB78-A693-4025-94A9-3EFB1B838696}"
EndProject
Global
	GlobalSection(SolutionConfigurationPlatforms) = preSolution
		Debug|Any CPU = Debug|Any CPU
		Debug|x64 = Debug|x64
		Debug|x86 = Debug|x86
		Release|Any CPU = Release|Any CPU
		Release|x64 = Release|x64
		Release|x86 = Release|x86
	EndGlobalSection
	GlobalSection(ProjectConfigurationPlatforms) = postSolution
		{3B8D9F5D-4D4A-42E3-BB4E-8E2B4D21D3F7}.Debug|Any CPU.ActiveCfg = Debug|Any CPU
		{3B8D9F5D-4D4A-42E3-BB4E-8E2B4D21D3F7}.Debug|Any CPU.Build.0 = Debug|Any CPU
		{3B8D9F5D-4D4A-42E3-BB4E-8E2B4D21D3F7}.Debug|x64.ActiveCfg = Debug|Any CPU
		{3B8D9F5D-4D4A-42E3-BB4E-8E2B4D21D3F7}.Debug|x64.Build.0 = Debug|Any CPU
		{3B8D9F5D-4D4A-42E3-BB4E-8E2B4D21D3F7}.Debug|x86.ActiveCfg = Debug|Any CPU
		{3B8D9F5D-4D4A-42E3-BB4E-8E2B4D21D3F7}.Debug|x86.Build.0 = Debug|Any CPU
		{3B8D9F5D-4D4A-42E3-BB4E-8E2B4D21D3F7}.Release|Any CPU.ActiveCfg = Release|Any CPU
		{3B8D9F5D-4D4A-42E3-BB4E-8E2B4D21D3F7}.Release|Any CPU.Build.0 = Release|Any CPU
		{3B8D9F5D-4D4A-42E3-BB4E-8E2B4D21D3F7}.Release|x64.ActiveCfg = Release|Any CPU
		{3B8D9F5D-4D4A-42E3-BB4E-8E2B4D21D3F7}.Release|x64.Build.0 = Release|Any CPU
		{3B8D9F5D-4D4A-42E3-BB4E-8E2B4D21D3F7}.Release|x86.ActiveCfg = Release|Any CPU
		{3B8D9F5D-4D4A-42E3-BB4E-8E2B4D21D3F7}.Release|x86.Build.0 = Release|Any CPU
		{7AE10EDA-1BEE-44D9-9EAA-D98D1EE7D664}.Debug|Any CPU.ActiveCfg = Debug|Any CPU
		{7AE10EDA-1BEE-44D9-9EAA-D98D1EE7D664}.Debug|Any CPU.Build.0 = Debug|Any CPU
		{7AE10EDA-1BEE-44D9-9EAA-D98D1EE7D664}.Debug|x64.ActiveCfg = Debug|Any CPU
		{7AE10EDA-1BEE-44D9-9EAA-D98D1EE7D664}.Debug|x64.Build.0 = Debug|Any CPU
		{7AE10EDA-1BEE-44D9-9EAA-D98D1EE7D664}.Debug|x86.ActiveCfg = Debug|Any CPU
		{7AE10EDA-1BEE-44D9-9EAA-D98D1EE7D664}.Debug|x86.Build.0 = Debug|Any CPU
		{7AE10EDA-1BEE-44D9-9EAA-D98D1EE7D664}.Release|Any CPU.ActiveCfg = Release|Any CPU
		{7AE10EDA-1BEE-44D9-9EAA-D98D1EE7D664}.Release|Any CPU.Build.0 = Release|Any CPU
		{7AE10EDA-1BEE-44D9-9EAA-D98D1EE7D664}.Release|x64.ActiveCfg = Release|Any CPU
		{7AE10EDA-1BEE-44D9-9EAA-D98D1EE7D664}.Release|x64.Build.0 = Release|Any CPU
		{7AE10EDA-1BEE-44D9-9EAA-D98D1EE7D664}.Release|x86.ActiveCfg = Release|Any CPU
		{7AE10EDA-1BEE-44D9-9EAA-D98D1EE7D664}.Release|x86.Build.0 = Release|Any CPU
		{561BFEDF-F8A8-427B-B424-D304971274FA}.Debug|Any CPU.ActiveCfg = Debug|Any CPU
		{561BFEDF-F8A8-427B-B424-D304971274FA}.Debug|Any CPU.Build.0 = Debug|Any CPU
		{561BFEDF-F8A8-427B-B424-D304971274FA}.Debug|x64.ActiveCfg = Debug|Any CPU
		{561BFEDF-F8A8-427B-B424-D304971274FA}.Debug|x64.Build.0 = Debug|Any CPU
		{561BFEDF-F8A8-427B-B424-D304971274FA}.Debug|x86.ActiveCfg = Debug|Any CPU
		{561BFEDF-F8A8-427B-B424-D304971274FA}.Debug|x86.Build.0 = Debug|Any CPU
		{561BFEDF-F8A8-427B-B424-D304971274FA}.Release|Any CPU.ActiveCfg = Release|Any CPU
		{561BFEDF-F8A8-427B-B424-D304971274FA}.Release|Any CPU.Build.0 = Release|Any CPU
		{561BFEDF-F8A8-427B-B424-D304971274FA}.Release|x64.ActiveCfg = Release|Any CPU
		{561BFEDF-F8A8-427B-B424-D304971274FA}.Release|x64.Build.0 = Release|Any CPU
		{561BFEDF-F8A8-427B-B424-D304971274FA}.Release|x86.ActiveCfg = Release|Any CPU
		{561BFEDF-F8A8-427B-B424-D304971274FA}.Release|x86.Build.0 = Release|Any CPU
		{133BB6FA-D2C0-4EE7-B558-AA713582E193}.Debug|Any CPU.ActiveCfg = Debug|Any CPU
		{133BB6FA-D2C0-4EE7-B558-AA713582E193}.Debug|Any CPU.Build.0 = Debug|Any CPU
		{133BB6FA-D2C0-4EE7-B558-AA713582E193}.Debug|x64.ActiveCfg = Debug|Any CPU
		{133BB6FA-D2C0-4EE7-B558-AA713582E193}.Debug|x64.Build.0 = Debug|Any CPU
		{133BB6FA-D2C0-4EE7-B558-AA713582E193}.Debug|x86.ActiveCfg = Debug|Any CPU
		{133BB6FA-D2C0-4EE7-B558-AA713582E193}.Debug|x86.Build.0 = Debug|Any CPU
		{133BB6FA-D2C0-4EE7-B558-AA713582E193}.Release|Any CPU.ActiveCfg = Release|Any CPU
		{133BB6FA-D2C0-4EE7-B558-AA713582E193}.Release|Any CPU.Build.0 = Release|Any CPU
		{133BB6FA-D2C0-4EE7-B558-AA713582E193}.Release|x64.ActiveCfg = Release|Any CPU
		{133BB6FA-D2C0-4EE7-B558-AA713582E193}.Release|x64.Build.0 = Release|Any CPU
		{133BB6FA-D2C0-4EE7-B558-AA713582E193}.Release|x86.ActiveCfg = Release|Any CPU
		{133BB6FA-D2C0-4EE7-B558-AA713582E193}.Release|x86.Build.0 = Release|Any CPU
		{570EEC58-C648-4739-89E1-2F5B7A22EDD1}.Debug|Any CPU.ActiveCfg = Debug|Any CPU
		{570EEC58-C648-4739-89E1-2F5B7A22EDD1}.Debug|Any CPU.Build.0 = Debug|Any CPU
		{570EEC58-C648-4739-89E1-2F5B7A22EDD1}.Debug|x64.ActiveCfg = Debug|Any CPU
		{570EEC58-C648-4739-89E1-2F5B7A22EDD1}.Debug|x64.Build.0 = Debug|Any CPU
		{570EEC58-C648-4739-89E1-2F5B7A22EDD1}.Debug|x86.ActiveCfg = Debug|Any CPU
		{570EEC58-C648-4739-89E1-2F5B7A22EDD1}.Debug|x86.Build.0 = Debug|Any CPU
		{570EEC58-C648-4739-89E1-2F5B7A22EDD1}.Release|Any CPU.ActiveCfg = Release|Any CPU
		{570EEC58-C648-4739-89E1-2F5B7A22EDD1}.Release|Any CPU.Build.0 = Release|Any CPU
		{570EEC58-C648-4739-89E1-2F5B7A22EDD1}.Release|x64.ActiveCfg = Release|Any CPU
		{570EEC58-C648-4739-89E1-2F5B7A22EDD1}.Release|x64.Build.0 = Release|Any CPU
		{570EEC58-C648-4739-89E1-2F5B7A22EDD1}.Release|x86.ActiveCfg = Release|Any CPU
		{570EEC58-C648-4739-89E1-2F5B7A22EDD1}.Release|x86.Build.0 = Release|Any CPU
		{221A062E-CC59-4840-B156-9BF200462CAD}.Debug|Any CPU.ActiveCfg = Debug|Any CPU
		{221A062E-CC59-4840-B156-9BF200462CAD}.Debug|Any CPU.Build.0 = Debug|Any CPU
		{221A062E-CC59-4840-B156-9BF200462CAD}.Debug|x64.ActiveCfg = Debug|Any CPU
		{221A062E-CC59-4840-B156-9BF200462CAD}.Debug|x64.Build.0 = Debug|Any CPU
		{221A062E-CC59-4840-B156-9BF200462CAD}.Debug|x86.ActiveCfg = Debug|Any CPU
		{221A062E-CC59-4840-B156-9BF200462CAD}.Debug|x86.Build.0 = Debug|Any CPU
		{221A062E-CC59-4840-B156-9BF200462CAD}.Release|Any CPU.ActiveCfg = Release|Any CPU
		{221A062E-CC59-4840-B156-9BF200462CAD}.Release|Any CPU.Build.0 = Release|Any CPU
		{221A062E-CC59-4840-B156-9BF200462CAD}.Release|x64.ActiveCfg = Release|Any CPU
		{221A062E-CC59-4840-B156-9BF200462CAD}.Release|x64.Build.0 = Release|Any CPU
		{221A062E-CC59-4840-B156-9BF200462CAD}.Release|x86.ActiveCfg = Release|Any CPU
		{221A062E-CC59-4840-B156-9BF200462CAD}.Release|x86.Build.0 = Release|Any CPU
		{5AFE2767-EC47-43C2-B235-7332665D7DE5}.Debug|Any CPU.ActiveCfg = Debug|Any CPU
		{5AFE2767-EC47-43C2-B235-7332665D7DE5}.Debug|Any CPU.Build.0 = Debug|Any CPU
		{5AFE2767-EC47-43C2-B235-7332665D7DE5}.Debug|x64.ActiveCfg = Debug|Any CPU
		{5AFE2767-EC47-43C2-B235-7332665D7DE5}.Debug|x64.Build.0 = Debug|Any CPU
		{5AFE2767-EC47-43C2-B235-7332665D7DE5}.Debug|x86.ActiveCfg = Debug|Any CPU
		{5AFE2767-EC47-43C2-B235-7332665D7DE5}.Debug|x86.Build.0 = Debug|Any CPU
		{5AFE2767-EC47-43C2-B235-7332665D7DE5}.Release|Any CPU.ActiveCfg = Release|Any CPU
		{5AFE2767-EC47-43C2-B235-7332665D7DE5}.Release|Any CPU.Build.0 = Release|Any CPU
		{5AFE2767-EC47-43C2-B235-7332665D7DE5}.Release|x64.ActiveCfg = Release|Any CPU
		{5AFE2767-EC47-43C2-B235-7332665D7DE5}.Release|x64.Build.0 = Release|Any CPU
		{5AFE2767-EC47-43C2-B235-7332665D7DE5}.Release|x86.ActiveCfg = Release|Any CPU
		{5AFE2767-EC47-43C2-B235-7332665D7DE5}.Release|x86.Build.0 = Release|Any CPU
		{DC760A7D-BDD8-4DB5-97ED-2A6B9108A451}.Debug|Any CPU.ActiveCfg = Debug|Any CPU
		{DC760A7D-BDD8-4DB5-97ED-2A6B9108A451}.Debug|Any CPU.Build.0 = Debug|Any CPU
		{DC760A7D-BDD8-4DB5-97ED-2A6B9108A451}.Debug|x64.ActiveCfg = Debug|Any CPU
		{DC760A7D-BDD8-4DB5-97ED-2A6B9108A451}.Debug|x64.Build.0 = Debug|Any CPU
		{DC760A7D-BDD8-4DB5-97ED-2A6B9108A451}.Debug|x86.ActiveCfg = Debug|Any CPU
		{DC760A7D-BDD8-4DB5-97ED-2A6B9108A451}.Debug|x86.Build.0 = Debug|Any CPU
		{DC760A7D-BDD8-4DB5-97ED-2A6B9108A451}.Release|Any CPU.ActiveCfg = Release|Any CPU
		{DC760A7D-BDD8-4DB5-97ED-2A6B9108A451}.Release|Any CPU.Build.0 = Release|Any CPU
		{DC760A7D-BDD8-4DB5-97ED-2A6B9108A451}.Release|x64.ActiveCfg = Release|Any CPU
		{DC760A7D-BDD8-4DB5-97ED-2A6B9108A451}.Release|x64.Build.0 = Release|Any CPU
		{DC760A7D-BDD8-4DB5-97ED-2A6B9108A451}.Release|x86.ActiveCfg = Release|Any CPU
		{DC760A7D-BDD8-4DB5-97ED-2A6B9108A451}.Release|x86.Build.0 = Release|Any CPU
		{32A4B81A-096E-4DD2-BF31-4EDFD3C4A86A}.Debug|Any CPU.ActiveCfg = Debug|Any CPU
		{32A4B81A-096E-4DD2-BF31-4EDFD3C4A86A}.Debug|Any CPU.Build.0 = Debug|Any CPU
		{32A4B81A-096E-4DD2-BF31-4EDFD3C4A86A}.Debug|x64.ActiveCfg = Debug|Any CPU
		{32A4B81A-096E-4DD2-BF31-4EDFD3C4A86A}.Debug|x64.Build.0 = Debug|Any CPU
		{32A4B81A-096E-4DD2-BF31-4EDFD3C4A86A}.Debug|x86.ActiveCfg = Debug|Any CPU
		{32A4B81A-096E-4DD2-BF31-4EDFD3C4A86A}.Debug|x86.Build.0 = Debug|Any CPU
		{32A4B81A-096E-4DD2-BF31-4EDFD3C4A86A}.Release|Any CPU.ActiveCfg = Release|Any CPU
		{32A4B81A-096E-4DD2-BF31-4EDFD3C4A86A}.Release|Any CPU.Build.0 = Release|Any CPU
		{32A4B81A-096E-4DD2-BF31-4EDFD3C4A86A}.Release|x64.ActiveCfg = Release|Any CPU
		{32A4B81A-096E-4DD2-BF31-4EDFD3C4A86A}.Release|x64.Build.0 = Release|Any CPU
		{32A4B81A-096E-4DD2-BF31-4EDFD3C4A86A}.Release|x86.ActiveCfg = Release|Any CPU
		{32A4B81A-096E-4DD2-BF31-4EDFD3C4A86A}.Release|x86.Build.0 = Release|Any CPU
		{17DA4D3A-8AD3-4924-BA28-8B0D6477C04A}.Debug|Any CPU.ActiveCfg = Debug|Any CPU
		{17DA4D3A-8AD3-4924-BA28-8B0D6477C04A}.Debug|Any CPU.Build.0 = Debug|Any CPU
		{17DA4D3A-8AD3-4924-BA28-8B0D6477C04A}.Debug|x64.ActiveCfg = Debug|Any CPU
		{17DA4D3A-8AD3-4924-BA28-8B0D6477C04A}.Debug|x64.Build.0 = Debug|Any CPU
		{17DA4D3A-8AD3-4924-BA28-8B0D6477C04A}.Debug|x86.ActiveCfg = Debug|Any CPU
		{17DA4D3A-8AD3-4924-BA28-8B0D6477C04A}.Debug|x86.Build.0 = Debug|Any CPU
		{17DA4D3A-8AD3-4924-BA28-8B0D6477C04A}.Release|Any CPU.ActiveCfg = Release|Any CPU
		{17DA4D3A-8AD3-4924-BA28-8B0D6477C04A}.Release|Any CPU.Build.0 = Release|Any CPU
		{17DA4D3A-8AD3-4924-BA28-8B0D6477C04A}.Release|x64.ActiveCfg = Release|Any CPU
		{17DA4D3A-8AD3-4924-BA28-8B0D6477C04A}.Release|x64.Build.0 = Release|Any CPU
		{17DA4D3A-8AD3-4924-BA28-8B0D6477C04A}.Release|x86.ActiveCfg = Release|Any CPU
		{17DA4D3A-8AD3-4924-BA28-8B0D6477C04A}.Release|x86.Build.0 = Release|Any CPU
		{C9EC13F3-6B73-4A94-9C0C-3F2D8E02DEB7}.Debug|Any CPU.ActiveCfg = Debug|Any CPU
		{C9EC13F3-6B73-4A94-9C0C-3F2D8E02DEB7}.Debug|Any CPU.Build.0 = Debug|Any CPU
		{C9EC13F3-6B73-4A94-9C0C-3F2D8E02DEB7}.Debug|x64.ActiveCfg = Debug|Any CPU
		{C9EC13F3-6B73-4A94-9C0C-3F2D8E02DEB7}.Debug|x64.Build.0 = Debug|Any CPU
		{C9EC13F3-6B73-4A94-9C0C-3F2D8E02DEB7}.Debug|x86.ActiveCfg = Debug|Any CPU
		{C9EC13F3-6B73-4A94-9C0C-3F2D8E02DEB7}.Debug|x86.Build.0 = Debug|Any CPU
		{C9EC13F3-6B73-4A94-9C0C-3F2D8E02DEB7}.Release|Any CPU.ActiveCfg = Release|Any CPU
		{C9EC13F3-6B73-4A94-9C0C-3F2D8E02DEB7}.Release|Any CPU.Build.0 = Release|Any CPU
		{C9EC13F3-6B73-4A94-9C0C-3F2D8E02DEB7}.Release|x64.ActiveCfg = Release|Any CPU
		{C9EC13F3-6B73-4A94-9C0C-3F2D8E02DEB7}.Release|x64.Build.0 = Release|Any CPU
		{C9EC13F3-6B73-4A94-9C0C-3F2D8E02DEB7}.Release|x86.ActiveCfg = Release|Any CPU
		{C9EC13F3-6B73-4A94-9C0C-3F2D8E02DEB7}.Release|x86.Build.0 = Release|Any CPU
		{9A2B3A12-9C89-44A1-8E03-31C0E4C34F05}.Debug|Any CPU.ActiveCfg = Debug|Any CPU
		{9A2B3A12-9C89-44A1-8E03-31C0E4C34F05}.Debug|Any CPU.Build.0 = Debug|Any CPU
		{9A2B3A12-9C89-44A1-8E03-31C0E4C34F05}.Debug|x64.ActiveCfg = Debug|Any CPU
		{9A2B3A12-9C89-44A1-8E03-31C0E4C34F05}.Debug|x64.Build.0 = Debug|Any CPU
		{9A2B3A12-9C89-44A1-8E03-31C0E4C34F05}.Debug|x86.ActiveCfg = Debug|Any CPU
		{9A2B3A12-9C89-44A1-8E03-31C0E4C34F05}.Debug|x86.Build.0 = Debug|Any CPU
		{9A2B3A12-9C89-44A1-8E03-31C0E4C34F05}.Release|Any CPU.ActiveCfg = Release|Any CPU
		{9A2B3A12-9C89-44A1-8E03-31C0E4C34F05}.Release|Any CPU.Build.0 = Release|Any CPU
		{9A2B3A12-9C89-44A1-8E03-31C0E4C34F05}.Release|x64.ActiveCfg = Release|Any CPU
		{9A2B3A12-9C89-44A1-8E03-31C0E4C34F05}.Release|x64.Build.0 = Release|Any CPU
		{9A2B3A12-9C89-44A1-8E03-31C0E4C34F05}.Release|x86.ActiveCfg = Release|Any CPU
		{9A2B3A12-9C89-44A1-8E03-31C0E4C34F05}.Release|x86.Build.0 = Release|Any CPU
		{A58A4882-1D42-4F74-A4E8-D22589B9C566}.Debug|Any CPU.ActiveCfg = Debug|Any CPU
		{A58A4882-1D42-4F74-A4E8-D22589B9C566}.Debug|Any CPU.Build.0 = Debug|Any CPU
		{A58A4882-1D42-4F74-A4E8-D22589B9C566}.Debug|x64.ActiveCfg = Debug|Any CPU
		{A58A4882-1D42-4F74-A4E8-D22589B9C566}.Debug|x64.Build.0 = Debug|Any CPU
		{A58A4882-1D42-4F74-A4E8-D22589B9C566}.Debug|x86.ActiveCfg = Debug|Any CPU
		{A58A4882-1D42-4F74-A4E8-D22589B9C566}.Debug|x86.Build.0 = Debug|Any CPU
		{A58A4882-1D42-4F74-A4E8-D22589B9C566}.Release|Any CPU.ActiveCfg = Release|Any CPU
		{A58A4882-1D42-4F74-A4E8-D22589B9C566}.Release|Any CPU.Build.0 = Release|Any CPU
		{A58A4882-1D42-4F74-A4E8-D22589B9C566}.Release|x64.ActiveCfg = Release|Any CPU
		{A58A4882-1D42-4F74-A4E8-D22589B9C566}.Release|x64.Build.0 = Release|Any CPU
		{A58A4882-1D42-4F74-A4E8-D22589B9C566}.Release|x86.ActiveCfg = Release|Any CPU
		{A58A4882-1D42-4F74-A4E8-D22589B9C566}.Release|x86.Build.0 = Release|Any CPU
		{36937A83-D791-49AF-A25F-E19BF4011862}.Debug|Any CPU.ActiveCfg = Debug|Any CPU
		{36937A83-D791-49AF-A25F-E19BF4011862}.Debug|Any CPU.Build.0 = Debug|Any CPU
		{36937A83-D791-49AF-A25F-E19BF4011862}.Debug|x64.ActiveCfg = Debug|Any CPU
		{36937A83-D791-49AF-A25F-E19BF4011862}.Debug|x64.Build.0 = Debug|Any CPU
		{36937A83-D791-49AF-A25F-E19BF4011862}.Debug|x86.ActiveCfg = Debug|Any CPU
		{36937A83-D791-49AF-A25F-E19BF4011862}.Debug|x86.Build.0 = Debug|Any CPU
		{36937A83-D791-49AF-A25F-E19BF4011862}.Release|Any CPU.ActiveCfg = Release|Any CPU
		{36937A83-D791-49AF-A25F-E19BF4011862}.Release|Any CPU.Build.0 = Release|Any CPU
		{36937A83-D791-49AF-A25F-E19BF4011862}.Release|x64.ActiveCfg = Release|Any CPU
		{36937A83-D791-49AF-A25F-E19BF4011862}.Release|x64.Build.0 = Release|Any CPU
		{36937A83-D791-49AF-A25F-E19BF4011862}.Release|x86.ActiveCfg = Release|Any CPU
		{36937A83-D791-49AF-A25F-E19BF4011862}.Release|x86.Build.0 = Release|Any CPU
		{C596FB03-7B00-452F-AAD3-7A65F7A9B195}.Debug|Any CPU.ActiveCfg = Debug|Any CPU
		{C596FB03-7B00-452F-AAD3-7A65F7A9B195}.Debug|Any CPU.Build.0 = Debug|Any CPU
		{C596FB03-7B00-452F-AAD3-7A65F7A9B195}.Debug|x64.ActiveCfg = Debug|Any CPU
		{C596FB03-7B00-452F-AAD3-7A65F7A9B195}.Debug|x64.Build.0 = Debug|Any CPU
		{C596FB03-7B00-452F-AAD3-7A65F7A9B195}.Debug|x86.ActiveCfg = Debug|Any CPU
		{C596FB03-7B00-452F-AAD3-7A65F7A9B195}.Debug|x86.Build.0 = Debug|Any CPU
		{C596FB03-7B00-452F-AAD3-7A65F7A9B195}.Release|Any CPU.ActiveCfg = Release|Any CPU
		{C596FB03-7B00-452F-AAD3-7A65F7A9B195}.Release|Any CPU.Build.0 = Release|Any CPU
		{C596FB03-7B00-452F-AAD3-7A65F7A9B195}.Release|x64.ActiveCfg = Release|Any CPU
		{C596FB03-7B00-452F-AAD3-7A65F7A9B195}.Release|x64.Build.0 = Release|Any CPU
		{C596FB03-7B00-452F-AAD3-7A65F7A9B195}.Release|x86.ActiveCfg = Release|Any CPU
		{C596FB03-7B00-452F-AAD3-7A65F7A9B195}.Release|x86.Build.0 = Release|Any CPU
		{2D39BB78-A693-4025-94A9-3EFB1B838696}.Debug|Any CPU.ActiveCfg = Debug|Any CPU
		{2D39BB78-A693-4025-94A9-3EFB1B838696}.Debug|Any CPU.Build.0 = Debug|Any CPU
		{2D39BB78-A693-4025-94A9-3EFB1B838696}.Debug|x64.ActiveCfg = Debug|Any CPU
		{2D39BB78-A693-4025-94A9-3EFB1B838696}.Debug|x64.Build.0 = Debug|Any CPU
		{2D39BB78-A693-4025-94A9-3EFB1B838696}.Debug|x86.ActiveCfg = Debug|Any CPU
		{2D39BB78-A693-4025-94A9-3EFB1B838696}.Debug|x86.Build.0 = Debug|Any CPU
		{2D39BB78-A693-4025-94A9-3EFB1B838696}.Release|Any CPU.ActiveCfg = Release|Any CPU
		{2D39BB78-A693-4025-94A9-3EFB1B838696}.Release|Any CPU.Build.0 = Release|Any CPU
		{2D39BB78-A693-4025-94A9-3EFB1B838696}.Release|x64.ActiveCfg = Release|Any CPU
		{2D39BB78-A693-4025-94A9-3EFB1B838696}.Release|x64.Build.0 = Release|Any CPU
		{2D39BB78-A693-4025-94A9-3EFB1B838696}.Release|x86.ActiveCfg = Release|Any CPU
		{2D39BB78-A693-4025-94A9-3EFB1B838696}.Release|x86.Build.0 = Release|Any CPU
	EndGlobalSection
	GlobalSection(SolutionProperties) = preSolution
		HideSolutionNode = FALSE
	EndGlobalSection
	GlobalSection(NestedProjects) = preSolution
		{3B8D9F5D-4D4A-42E3-BB4E-8E2B4D21D3F7} = {9CB6032F-CA41-42F9-A286-48EFF8FC01EB}
		{133BB6FA-D2C0-4EE7-B558-AA713582E193} = {8371B34E-423C-4669-AE53-9A30687F0410}
		{570EEC58-C648-4739-89E1-2F5B7A22EDD1} = {87E0BF44-B885-4058-B79F-D712118D22D7}
		{221A062E-CC59-4840-B156-9BF200462CAD} = {87E0BF44-B885-4058-B79F-D712118D22D7}
		{D590F5EB-D0C6-4983-AF97-06BBBB84D6FC} = {A7C90492-22B8-44B0-9B07-1DF29162F6D2}
		{EBF60033-4AE1-442E-A3B7-BF9FD56916EC} = {D590F5EB-D0C6-4983-AF97-06BBBB84D6FC}
		{5AFE2767-EC47-43C2-B235-7332665D7DE5} = {EBF60033-4AE1-442E-A3B7-BF9FD56916EC}
		{A4C93C69-8D56-44DD-8629-1268419093FA} = {D590F5EB-D0C6-4983-AF97-06BBBB84D6FC}
		{DC760A7D-BDD8-4DB5-97ED-2A6B9108A451} = {A4C93C69-8D56-44DD-8629-1268419093FA}
		{1C0ED4EA-430E-4285-B38F-D240A455123B} = {D590F5EB-D0C6-4983-AF97-06BBBB84D6FC}
		{32A4B81A-096E-4DD2-BF31-4EDFD3C4A86A} = {1C0ED4EA-430E-4285-B38F-D240A455123B}
		{8D97342B-5456-453B-A83E-7158E67619F7} = {A7C90492-22B8-44B0-9B07-1DF29162F6D2}
		{17DA4D3A-8AD3-4924-BA28-8B0D6477C04A} = {8D97342B-5456-453B-A83E-7158E67619F7}
		{C0E6565E-2BC8-4603-98AE-6B8747D95C0B} = {A7C90492-22B8-44B0-9B07-1DF29162F6D2}
		{C9EC13F3-6B73-4A94-9C0C-3F2D8E02DEB7} = {EBF60033-4AE1-442E-A3B7-BF9FD56916EC}
		{9A2B3A12-9C89-44A1-8E03-31C0E4C34F05} = {EBF60033-4AE1-442E-A3B7-BF9FD56916EC}
		{A58A4882-1D42-4F74-A4E8-D22589B9C566} = {EBF60033-4AE1-442E-A3B7-BF9FD56916EC}
		{36937A83-D791-49AF-A25F-E19BF4011862} = {EBF60033-4AE1-442E-A3B7-BF9FD56916EC}
		{C596FB03-7B00-452F-AAD3-7A65F7A9B195} = {EBF60033-4AE1-442E-A3B7-BF9FD56916EC}
		{2D39BB78-A693-4025-94A9-3EFB1B838696} = {EBF60033-4AE1-442E-A3B7-BF9FD56916EC}
	EndGlobalSection
	GlobalSection(ExtensibilityGlobals) = postSolution
		SolutionGuid = {EB5A7879-385B-4A7E-860D-0B980AED0E98}
	EndGlobalSection
EndGlobal
