
Microsoft Visual Studio Solution File, Format Version 12.00
# Visual Studio Version 16
VisualStudioVersion = 16.6.30114.105
MinimumVisualStudioVersion = 10.0.40219.1
Project("{9A19103F-16F7-4668-BE54-9A1E7A4F7556}") = "ProjectGql", "ProjectGql\ProjectGql.csproj", "{3B8D9F5D-4D4A-42E3-BB4E-8E2B4D21D3F7}"
EndProject
Project("{E53339B2-1760-4266-BCC7-CA923CBCF16C}") = "docker-compose", "docker-compose.dcproj", "{7AE10EDA-1BEE-44D9-9EAA-D98D1EE7D664}"
EndProject
Project("{9A19103F-16F7-4668-BE54-9A1E7A4F7556}") = "DogovorGql", "DogovorGql\DogovorGql.csproj", "{561BFEDF-F8A8-427B-B424-D304971274FA}"
EndProject
Project("{9A19103F-16F7-4668-BE54-9A1E7A4F7556}") = "GatewayGql", "GatewayGql\GatewayGql.csproj", "{133BB6FA-D2C0-4EE7-B558-AA713582E193}"
EndProject
Project("{2150E333-8FDC-42A3-9474-1A3956D46DE8}") = "Project", "Project", "{9CB6032F-CA41-42F9-A286-48EFF8FC01EB}"
EndProject
Project("{2150E333-8FDC-42A3-9474-1A3956D46DE8}") = "Dogovor", "Dogovor", "{DD37585F-53A3-4975-A2BA-FDBC867A3515}"
EndProject
Project("{2150E333-8FDC-42A3-9474-1A3956D46DE8}") = "Gateway", "Gateway", "{8371B34E-423C-4669-AE53-9A30687F0410}"
EndProject
Project("{2150E333-8FDC-42A3-9474-1A3956D46DE8}") = "EventBus", "EventBus", "{87E0BF44-B885-4058-B79F-D712118D22D7}"
EndProject
Project("{9A19103F-16F7-4668-BE54-9A1E7A4F7556}") = "EventBus", "EventBus\EventBus.csproj", "{570EEC58-C648-4739-89E1-2F5B7A22EDD1}"
EndProject
Project("{FAE04EC0-301F-11D3-BF4B-00C04F79EFBC}") = "Contracts", "Contracts\Contracts.csproj", "{221A062E-CC59-4840-B156-9BF200462CAD}"
EndProject
Global
	GlobalSection(SolutionConfigurationPlatforms) = preSolution
		Debug|Any CPU = Debug|Any CPU
		Debug|x64 = Debug|x64
		Debug|x86 = Debug|x86
		Release|Any CPU = Release|Any CPU
		Release|x64 = Release|x64
		Release|x86 = Release|x86
	EndGlobalSection
	GlobalSection(ProjectConfigurationPlatforms) = postSolution
		{3B8D9F5D-4D4A-42E3-BB4E-8E2B4D21D3F7}.Debug|Any CPU.ActiveCfg = Debug|Any CPU
		{3B8D9F5D-4D4A-42E3-BB4E-8E2B4D21D3F7}.Debug|Any CPU.Build.0 = Debug|Any CPU
		{3B8D9F5D-4D4A-42E3-BB4E-8E2B4D21D3F7}.Debug|x64.ActiveCfg = Debug|Any CPU
		{3B8D9F5D-4D4A-42E3-BB4E-8E2B4D21D3F7}.Debug|x64.Build.0 = Debug|Any CPU
		{3B8D9F5D-4D4A-42E3-BB4E-8E2B4D21D3F7}.Debug|x86.ActiveCfg = Debug|Any CPU
		{3B8D9F5D-4D4A-42E3-BB4E-8E2B4D21D3F7}.Debug|x86.Build.0 = Debug|Any CPU
		{3B8D9F5D-4D4A-42E3-BB4E-8E2B4D21D3F7}.Release|Any CPU.ActiveCfg = Release|Any CPU
		{3B8D9F5D-4D4A-42E3-BB4E-8E2B4D21D3F7}.Release|Any CPU.Build.0 = Release|Any CPU
		{3B8D9F5D-4D4A-42E3-BB4E-8E2B4D21D3F7}.Release|x64.ActiveCfg = Release|Any CPU
		{3B8D9F5D-4D4A-42E3-BB4E-8E2B4D21D3F7}.Release|x64.Build.0 = Release|Any CPU
		{3B8D9F5D-4D4A-42E3-BB4E-8E2B4D21D3F7}.Release|x86.ActiveCfg = Release|Any CPU
		{3B8D9F5D-4D4A-42E3-BB4E-8E2B4D21D3F7}.Release|x86.Build.0 = Release|Any CPU
		{7AE10EDA-1BEE-44D9-9EAA-D98D1EE7D664}.Debug|Any CPU.ActiveCfg = Debug|Any CPU
		{7AE10EDA-1BEE-44D9-9EAA-D98D1EE7D664}.Debug|Any CPU.Build.0 = Debug|Any CPU
		{7AE10EDA-1BEE-44D9-9EAA-D98D1EE7D664}.Debug|x64.ActiveCfg = Debug|Any CPU
		{7AE10EDA-1BEE-44D9-9EAA-D98D1EE7D664}.Debug|x64.Build.0 = Debug|Any CPU
		{7AE10EDA-1BEE-44D9-9EAA-D98D1EE7D664}.Debug|x86.ActiveCfg = Debug|Any CPU
		{7AE10EDA-1BEE-44D9-9EAA-D98D1EE7D664}.Debug|x86.Build.0 = Debug|Any CPU
		{7AE10EDA-1BEE-44D9-9EAA-D98D1EE7D664}.Release|Any CPU.ActiveCfg = Release|Any CPU
		{7AE10EDA-1BEE-44D9-9EAA-D98D1EE7D664}.Release|Any CPU.Build.0 = Release|Any CPU
		{7AE10EDA-1BEE-44D9-9EAA-D98D1EE7D664}.Release|x64.ActiveCfg = Release|Any CPU
		{7AE10EDA-1BEE-44D9-9EAA-D98D1EE7D664}.Release|x64.Build.0 = Release|Any CPU
		{7AE10EDA-1BEE-44D9-9EAA-D98D1EE7D664}.Release|x86.ActiveCfg = Release|Any CPU
		{7AE10EDA-1BEE-44D9-9EAA-D98D1EE7D664}.Release|x86.Build.0 = Release|Any CPU
		{561BFEDF-F8A8-427B-B424-D304971274FA}.Debug|Any CPU.ActiveCfg = Debug|Any CPU
		{561BFEDF-F8A8-427B-B424-D304971274FA}.Debug|Any CPU.Build.0 = Debug|Any CPU
		{561BFEDF-F8A8-427B-B424-D304971274FA}.Debug|x64.ActiveCfg = Debug|Any CPU
		{561BFEDF-F8A8-427B-B424-D304971274FA}.Debug|x64.Build.0 = Debug|Any CPU
		{561BFEDF-F8A8-427B-B424-D304971274FA}.Debug|x86.ActiveCfg = Debug|Any CPU
		{561BFEDF-F8A8-427B-B424-D304971274FA}.Debug|x86.Build.0 = Debug|Any CPU
		{561BFEDF-F8A8-427B-B424-D304971274FA}.Release|Any CPU.ActiveCfg = Release|Any CPU
		{561BFEDF-F8A8-427B-B424-D304971274FA}.Release|Any CPU.Build.0 = Release|Any CPU
		{561BFEDF-F8A8-427B-B424-D304971274FA}.Release|x64.ActiveCfg = Release|Any CPU
		{561BFEDF-F8A8-427B-B424-D304971274FA}.Release|x64.Build.0 = Release|Any CPU
		{561BFEDF-F8A8-427B-B424-D304971274FA}.Release|x86.ActiveCfg = Release|Any CPU
		{561BFEDF-F8A8-427B-B424-D304971274FA}.Release|x86.Build.0 = Release|Any CPU
		{133BB6FA-D2C0-4EE7-B558-AA713582E193}.Debug|Any CPU.ActiveCfg = Debug|Any CPU
		{133BB6FA-D2C0-4EE7-B558-AA713582E193}.Debug|Any CPU.Build.0 = Debug|Any CPU
		{133BB6FA-D2C0-4EE7-B558-AA713582E193}.Debug|x64.ActiveCfg = Debug|Any CPU
		{133BB6FA-D2C0-4EE7-B558-AA713582E193}.Debug|x64.Build.0 = Debug|Any CPU
		{133BB6FA-D2C0-4EE7-B558-AA713582E193}.Debug|x86.ActiveCfg = Debug|Any CPU
		{133BB6FA-D2C0-4EE7-B558-AA713582E193}.Debug|x86.Build.0 = Debug|Any CPU
		{133BB6FA-D2C0-4EE7-B558-AA713582E193}.Release|Any CPU.ActiveCfg = Release|Any CPU
		{133BB6FA-D2C0-4EE7-B558-AA713582E193}.Release|Any CPU.Build.0 = Release|Any CPU
		{133BB6FA-D2C0-4EE7-B558-AA713582E193}.Release|x64.ActiveCfg = Release|Any CPU
		{133BB6FA-D2C0-4EE7-B558-AA713582E193}.Release|x64.Build.0 = Release|Any CPU
		{133BB6FA-D2C0-4EE7-B558-AA713582E193}.Release|x86.ActiveCfg = Release|Any CPU
		{133BB6FA-D2C0-4EE7-B558-AA713582E193}.Release|x86.Build.0 = Release|Any CPU
		{570EEC58-C648-4739-89E1-2F5B7A22EDD1}.Debug|Any CPU.ActiveCfg = Debug|Any CPU
		{570EEC58-C648-4739-89E1-2F5B7A22EDD1}.Debug|Any CPU.Build.0 = Debug|Any CPU
		{570EEC58-C648-4739-89E1-2F5B7A22EDD1}.Debug|x64.ActiveCfg = Debug|Any CPU
		{570EEC58-C648-4739-89E1-2F5B7A22EDD1}.Debug|x64.Build.0 = Debug|Any CPU
		{570EEC58-C648-4739-89E1-2F5B7A22EDD1}.Debug|x86.ActiveCfg = Debug|Any CPU
		{570EEC58-C648-4739-89E1-2F5B7A22EDD1}.Debug|x86.Build.0 = Debug|Any CPU
		{570EEC58-C648-4739-89E1-2F5B7A22EDD1}.Release|Any CPU.ActiveCfg = Release|Any CPU
		{570EEC58-C648-4739-89E1-2F5B7A22EDD1}.Release|Any CPU.Build.0 = Release|Any CPU
		{570EEC58-C648-4739-89E1-2F5B7A22EDD1}.Release|x64.ActiveCfg = Release|Any CPU
		{570EEC58-C648-4739-89E1-2F5B7A22EDD1}.Release|x64.Build.0 = Release|Any CPU
		{570EEC58-C648-4739-89E1-2F5B7A22EDD1}.Release|x86.ActiveCfg = Release|Any CPU
		{570EEC58-C648-4739-89E1-2F5B7A22EDD1}.Release|x86.Build.0 = Release|Any CPU
		{221A062E-CC59-4840-B156-9BF200462CAD}.Debug|Any CPU.ActiveCfg = Debug|Any CPU
		{221A062E-CC59-4840-B156-9BF200462CAD}.Debug|Any CPU.Build.0 = Debug|Any CPU
		{221A062E-CC59-4840-B156-9BF200462CAD}.Debug|x64.ActiveCfg = Debug|Any CPU
		{221A062E-CC59-4840-B156-9BF200462CAD}.Debug|x64.Build.0 = Debug|Any CPU
		{221A062E-CC59-4840-B156-9BF200462CAD}.Debug|x86.ActiveCfg = Debug|Any CPU
		{221A062E-CC59-4840-B156-9BF200462CAD}.Debug|x86.Build.0 = Debug|Any CPU
		{221A062E-CC59-4840-B156-9BF200462CAD}.Release|Any CPU.ActiveCfg = Release|Any CPU
		{221A062E-CC59-4840-B156-9BF200462CAD}.Release|Any CPU.Build.0 = Release|Any CPU
		{221A062E-CC59-4840-B156-9BF200462CAD}.Release|x64.ActiveCfg = Release|Any CPU
		{221A062E-CC59-4840-B156-9BF200462CAD}.Release|x64.Build.0 = Release|Any CPU
		{221A062E-CC59-4840-B156-9BF200462CAD}.Release|x86.ActiveCfg = Release|Any CPU
		{221A062E-CC59-4840-B156-9BF200462CAD}.Release|x86.Build.0 = Release|Any CPU
	EndGlobalSection
	GlobalSection(SolutionProperties) = preSolution
		HideSolutionNode = FALSE
	EndGlobalSection
	GlobalSection(NestedProjects) = preSolution
		{3B8D9F5D-4D4A-42E3-BB4E-8E2B4D21D3F7} = {9CB6032F-CA41-42F9-A286-48EFF8FC01EB}
		{561BFEDF-F8A8-427B-B424-D304971274FA} = {DD37585F-53A3-4975-A2BA-FDBC867A3515}
		{133BB6FA-D2C0-4EE7-B558-AA713582E193} = {8371B34E-423C-4669-AE53-9A30687F0410}
		{570EEC58-C648-4739-89E1-2F5B7A22EDD1} = {87E0BF44-B885-4058-B79F-D712118D22D7}
		{221A062E-CC59-4840-B156-9BF200462CAD} = {87E0BF44-B885-4058-B79F-D712118D22D7}
	EndGlobalSection
	GlobalSection(ExtensibilityGlobals) = postSolution
		SolutionGuid = {EB5A7879-385B-4A7E-860D-0B980AED0E98}
	EndGlobalSection
EndGlobal
